// !$*UTF8*$!
{
	archiveVersion = 1;
	classes = {
	};
	objectVersion = 46;
	objects = {

/* Begin PBXBuildFile section */
		ED4B5C091383761600386B42 /* iCPANAppDelegate_iPad.m in Sources */ = {isa = PBXBuildFile; fileRef = ED4B5C021383761600386B42 /* iCPANAppDelegate_iPad.m */; };
		ED4B5C0A1383761600386B42 /* MainWindow_iPad.xib in Resources */ = {isa = PBXBuildFile; fileRef = ED4B5C031383761600386B42 /* MainWindow_iPad.xib */; };
		ED4B5C0B1383761600386B42 /* DetailViewController.m in Sources */ = {isa = PBXBuildFile; fileRef = ED4B5C051383761600386B42 /* DetailViewController.m */; };
		ED4B5C0C1383761600386B42 /* DetailViewController.xib in Resources */ = {isa = PBXBuildFile; fileRef = ED4B5C061383761600386B42 /* DetailViewController.xib */; };
		ED4B5C1F1383844A00386B42 /* GenericViewController.m in Sources */ = {isa = PBXBuildFile; fileRef = ED4B5C1D1383844900386B42 /* GenericViewController.m */; };
		ED4B5C201383844A00386B42 /* GenericViewController.xib in Resources */ = {isa = PBXBuildFile; fileRef = ED4B5C1E1383844900386B42 /* GenericViewController.xib */; };
		ED706AB913A714D200AAE86E /* libGRMustache1-ios4.a in Frameworks */ = {isa = PBXBuildFile; fileRef = ED706AB813A714D200AAE86E /* libGRMustache1-ios4.a */; };
		ED706ADE13A7280800AAE86E /* template.html in Resources */ = {isa = PBXBuildFile; fileRef = ED706ADD13A7280800AAE86E /* template.html */; };
		ED706AE413A7283700AAE86E /* iCPAN.js in Resources */ = {isa = PBXBuildFile; fileRef = ED706ADF13A7283700AAE86E /* iCPAN.js */; };
		ED706AE513A7283700AAE86E /* jquery.min.js in Resources */ = {isa = PBXBuildFile; fileRef = ED706AE013A7283700AAE86E /* jquery.min.js */; };
		ED706AE613A7283700AAE86E /* shBrushJScript.js in Resources */ = {isa = PBXBuildFile; fileRef = ED706AE113A7283700AAE86E /* shBrushJScript.js */; };
		ED706AE713A7283700AAE86E /* shBrushPerl.js in Resources */ = {isa = PBXBuildFile; fileRef = ED706AE213A7283700AAE86E /* shBrushPerl.js */; };
		ED706AE813A7283700AAE86E /* shCore.js in Resources */ = {isa = PBXBuildFile; fileRef = ED706AE313A7283700AAE86E /* shCore.js */; };
		ED706AED13A7285B00AAE86E /* shCore.css in Resources */ = {isa = PBXBuildFile; fileRef = ED706AE913A7285B00AAE86E /* shCore.css */; };
		ED706AEE13A7285B00AAE86E /* shThemeDefault.css in Resources */ = {isa = PBXBuildFile; fileRef = ED706AEA13A7285B00AAE86E /* shThemeDefault.css */; };
		ED706AEF13A7285B00AAE86E /* shThemeEmacs.css in Resources */ = {isa = PBXBuildFile; fileRef = ED706AEB13A7285B00AAE86E /* shThemeEmacs.css */; };
		ED706AF013A7285B00AAE86E /* style.css in Resources */ = {isa = PBXBuildFile; fileRef = ED706AEC13A7285B00AAE86E /* style.css */; };
		ED725D7E139DDF370006EFA3 /* ModuleViewController.m in Sources */ = {isa = PBXBuildFile; fileRef = ED725D7D139DDF370006EFA3 /* ModuleViewController.m */; };
		ED725D82139DE5C60006EFA3 /* Author.m in Sources */ = {isa = PBXBuildFile; fileRef = ED725D81139DE5C60006EFA3 /* Author.m */; };
		ED725D85139DE5C60006EFA3 /* Module.m in Sources */ = {isa = PBXBuildFile; fileRef = ED725D84139DE5C60006EFA3 /* Module.m */; };
		ED725D88139DE5C60006EFA3 /* Distribution.m in Sources */ = {isa = PBXBuildFile; fileRef = ED725D87139DE5C60006EFA3 /* Distribution.m */; };
		EDE9638113A9AB0A00F40948 /* NSObject+SBJson.m in Sources */ = {isa = PBXBuildFile; fileRef = EDE9636913A9AB0A00F40948 /* NSObject+SBJson.m */; };
		EDE9638213A9AB0A00F40948 /* SBJsonParser.m in Sources */ = {isa = PBXBuildFile; fileRef = EDE9636C13A9AB0A00F40948 /* SBJsonParser.m */; };
		EDE9638313A9AB0A00F40948 /* SBJsonStreamParser.m in Sources */ = {isa = PBXBuildFile; fileRef = EDE9636E13A9AB0A00F40948 /* SBJsonStreamParser.m */; };
		EDE9638413A9AB0A00F40948 /* SBJsonStreamParserAccumulator.m in Sources */ = {isa = PBXBuildFile; fileRef = EDE9637013A9AB0A00F40948 /* SBJsonStreamParserAccumulator.m */; };
		EDE9638513A9AB0A00F40948 /* SBJsonStreamParserAdapter.m in Sources */ = {isa = PBXBuildFile; fileRef = EDE9637213A9AB0A00F40948 /* SBJsonStreamParserAdapter.m */; };
		EDE9638613A9AB0A00F40948 /* SBJsonStreamParserState.m in Sources */ = {isa = PBXBuildFile; fileRef = EDE9637413A9AB0A00F40948 /* SBJsonStreamParserState.m */; };
		EDE9638713A9AB0A00F40948 /* SBJsonStreamWriter.m in Sources */ = {isa = PBXBuildFile; fileRef = EDE9637613A9AB0A00F40948 /* SBJsonStreamWriter.m */; };
		EDE9638813A9AB0A00F40948 /* SBJsonStreamWriterAccumulator.m in Sources */ = {isa = PBXBuildFile; fileRef = EDE9637813A9AB0A00F40948 /* SBJsonStreamWriterAccumulator.m */; };
		EDE9638913A9AB0A00F40948 /* SBJsonStreamWriterState.m in Sources */ = {isa = PBXBuildFile; fileRef = EDE9637A13A9AB0A00F40948 /* SBJsonStreamWriterState.m */; };
		EDE9638A13A9AB0A00F40948 /* SBJsonTokeniser.m in Sources */ = {isa = PBXBuildFile; fileRef = EDE9637C13A9AB0A00F40948 /* SBJsonTokeniser.m */; };
		EDE9638B13A9AB0A00F40948 /* SBJsonUTF8Stream.m in Sources */ = {isa = PBXBuildFile; fileRef = EDE9637E13A9AB0A00F40948 /* SBJsonUTF8Stream.m */; };
		EDE9638C13A9AB0A00F40948 /* SBJsonWriter.m in Sources */ = {isa = PBXBuildFile; fileRef = EDE9638013A9AB0A00F40948 /* SBJsonWriter.m */; };
		EDF7CE24134438880012E9DA /* UIKit.framework in Frameworks */ = {isa = PBXBuildFile; fileRef = EDF7CE23134438880012E9DA /* UIKit.framework */; };
		EDF7CE26134438880012E9DA /* Foundation.framework in Frameworks */ = {isa = PBXBuildFile; fileRef = EDF7CE25134438880012E9DA /* Foundation.framework */; };
		EDF7CE28134438880012E9DA /* CoreGraphics.framework in Frameworks */ = {isa = PBXBuildFile; fileRef = EDF7CE27134438880012E9DA /* CoreGraphics.framework */; };
		EDF7CE2A134438880012E9DA /* CoreData.framework in Frameworks */ = {isa = PBXBuildFile; fileRef = EDF7CE29134438880012E9DA /* CoreData.framework */; };
		EDF7CE30134438880012E9DA /* InfoPlist.strings in Resources */ = {isa = PBXBuildFile; fileRef = EDF7CE2E134438880012E9DA /* InfoPlist.strings */; };
		EDF7CE33134438880012E9DA /* main.m in Sources */ = {isa = PBXBuildFile; fileRef = EDF7CE32134438880012E9DA /* main.m */; };
		EDF7CE36134438880012E9DA /* iCPANAppDelegate.m in Sources */ = {isa = PBXBuildFile; fileRef = EDF7CE35134438880012E9DA /* iCPANAppDelegate.m */; };
		EDF7CE39134438880012E9DA /* iCPAN.xcdatamodeld in Sources */ = {isa = PBXBuildFile; fileRef = EDF7CE37134438880012E9DA /* iCPAN.xcdatamodeld */; };
		EDF7CE3D134438880012E9DA /* iCPANAppDelegate_iPhone.m in Sources */ = {isa = PBXBuildFile; fileRef = EDF7CE3C134438880012E9DA /* iCPANAppDelegate_iPhone.m */; };
		EDF7CE40134438880012E9DA /* MainWindow_iPhone.xib in Resources */ = {isa = PBXBuildFile; fileRef = EDF7CE3E134438880012E9DA /* MainWindow_iPhone.xib */; };
		EDF7CE4E134438890012E9DA /* UIKit.framework in Frameworks */ = {isa = PBXBuildFile; fileRef = EDF7CE23134438880012E9DA /* UIKit.framework */; };
		EDF7CE4F134438890012E9DA /* Foundation.framework in Frameworks */ = {isa = PBXBuildFile; fileRef = EDF7CE25134438880012E9DA /* Foundation.framework */; };
		EDF7CE50134438890012E9DA /* CoreGraphics.framework in Frameworks */ = {isa = PBXBuildFile; fileRef = EDF7CE27134438880012E9DA /* CoreGraphics.framework */; };
		EDF7CE51134438890012E9DA /* CoreData.framework in Frameworks */ = {isa = PBXBuildFile; fileRef = EDF7CE29134438880012E9DA /* CoreData.framework */; };
		EDF7CE59134438890012E9DA /* InfoPlist.strings in Resources */ = {isa = PBXBuildFile; fileRef = EDF7CE57134438890012E9DA /* InfoPlist.strings */; };
		EDF7CE5C134438890012E9DA /* iCPANTests.h in Resources */ = {isa = PBXBuildFile; fileRef = EDF7CE5B134438890012E9DA /* iCPANTests.h */; };
		EDF7CE5E134438890012E9DA /* iCPANTests.m in Sources */ = {isa = PBXBuildFile; fileRef = EDF7CE5D134438890012E9DA /* iCPANTests.m */; };
/* End PBXBuildFile section */

/* Begin PBXContainerItemProxy section */
		EDF7CE52134438890012E9DA /* PBXContainerItemProxy */ = {
			isa = PBXContainerItemProxy;
			containerPortal = EDF7CE16134438880012E9DA /* Project object */;
			proxyType = 1;
			remoteGlobalIDString = EDF7CE1E134438880012E9DA;
			remoteInfo = iCPAN;
		};
/* End PBXContainerItemProxy section */

/* Begin PBXFileReference section */
		ED4B5C011383761600386B42 /* iCPANAppDelegate_iPad.h */ = {isa = PBXFileReference; fileEncoding = 4; lastKnownFileType = sourcecode.c.h; path = iCPANAppDelegate_iPad.h; sourceTree = "<group>"; };
		ED4B5C021383761600386B42 /* iCPANAppDelegate_iPad.m */ = {isa = PBXFileReference; fileEncoding = 4; lastKnownFileType = sourcecode.c.objc; path = iCPANAppDelegate_iPad.m; sourceTree = "<group>"; };
		ED4B5C031383761600386B42 /* MainWindow_iPad.xib */ = {isa = PBXFileReference; fileEncoding = 4; lastKnownFileType = file.xib; path = MainWindow_iPad.xib; sourceTree = "<group>"; };
		ED4B5C041383761600386B42 /* DetailViewController.h */ = {isa = PBXFileReference; fileEncoding = 4; lastKnownFileType = sourcecode.c.h; path = DetailViewController.h; sourceTree = "<group>"; };
		ED4B5C051383761600386B42 /* DetailViewController.m */ = {isa = PBXFileReference; fileEncoding = 4; lastKnownFileType = sourcecode.c.objc; path = DetailViewController.m; sourceTree = "<group>"; };
		ED4B5C061383761600386B42 /* DetailViewController.xib */ = {isa = PBXFileReference; fileEncoding = 4; lastKnownFileType = file.xib; path = DetailViewController.xib; sourceTree = "<group>"; };
		ED4B5C1C1383844900386B42 /* GenericViewController.h */ = {isa = PBXFileReference; fileEncoding = 4; lastKnownFileType = sourcecode.c.h; path = GenericViewController.h; sourceTree = "<group>"; };
		ED4B5C1D1383844900386B42 /* GenericViewController.m */ = {isa = PBXFileReference; fileEncoding = 4; lastKnownFileType = sourcecode.c.objc; path = GenericViewController.m; sourceTree = "<group>"; };
		ED4B5C1E1383844900386B42 /* GenericViewController.xib */ = {isa = PBXFileReference; fileEncoding = 4; lastKnownFileType = file.xib; path = GenericViewController.xib; sourceTree = "<group>"; };
		ED706AAB13A714BE00AAE86E /* GRBoolean.h */ = {isa = PBXFileReference; fileEncoding = 4; lastKnownFileType = sourcecode.c.h; path = GRBoolean.h; sourceTree = "<group>"; };
		ED706AAC13A714BE00AAE86E /* GRMustache.h */ = {isa = PBXFileReference; fileEncoding = 4; lastKnownFileType = sourcecode.c.h; path = GRMustache.h; sourceTree = "<group>"; };
		ED706AAD13A714BE00AAE86E /* GRMustacheConfiguration.h */ = {isa = PBXFileReference; fileEncoding = 4; lastKnownFileType = sourcecode.c.h; path = GRMustacheConfiguration.h; sourceTree = "<group>"; };
		ED706AAE13A714BE00AAE86E /* GRMustacheContext.h */ = {isa = PBXFileReference; fileEncoding = 4; lastKnownFileType = sourcecode.c.h; path = GRMustacheContext.h; sourceTree = "<group>"; };
		ED706AAF13A714BE00AAE86E /* GRMustacheError.h */ = {isa = PBXFileReference; fileEncoding = 4; lastKnownFileType = sourcecode.c.h; path = GRMustacheError.h; sourceTree = "<group>"; };
		ED706AB013A714BE00AAE86E /* GRMustacheLambda.h */ = {isa = PBXFileReference; fileEncoding = 4; lastKnownFileType = sourcecode.c.h; path = GRMustacheLambda.h; sourceTree = "<group>"; };
		ED706AB113A714BE00AAE86E /* GRMustacheRendering.h */ = {isa = PBXFileReference; fileEncoding = 4; lastKnownFileType = sourcecode.c.h; path = GRMustacheRendering.h; sourceTree = "<group>"; };
		ED706AB213A714BE00AAE86E /* GRMustacheSection.h */ = {isa = PBXFileReference; fileEncoding = 4; lastKnownFileType = sourcecode.c.h; path = GRMustacheSection.h; sourceTree = "<group>"; };
		ED706AB313A714BE00AAE86E /* GRMustacheTemplate.h */ = {isa = PBXFileReference; fileEncoding = 4; lastKnownFileType = sourcecode.c.h; path = GRMustacheTemplate.h; sourceTree = "<group>"; };
		ED706AB413A714BE00AAE86E /* GRMustacheTemplateLoader.h */ = {isa = PBXFileReference; fileEncoding = 4; lastKnownFileType = sourcecode.c.h; path = GRMustacheTemplateLoader.h; sourceTree = "<group>"; };
		ED706AB513A714BE00AAE86E /* GRMustacheTemplateLoader_protected.h */ = {isa = PBXFileReference; fileEncoding = 4; lastKnownFileType = sourcecode.c.h; path = GRMustacheTemplateLoader_protected.h; sourceTree = "<group>"; };
		ED706AB613A714BE00AAE86E /* GRMustacheVersion.h */ = {isa = PBXFileReference; fileEncoding = 4; lastKnownFileType = sourcecode.c.h; path = GRMustacheVersion.h; sourceTree = "<group>"; };
		ED706AB813A714D200AAE86E /* libGRMustache1-ios4.a */ = {isa = PBXFileReference; lastKnownFileType = archive.ar; name = "libGRMustache1-ios4.a"; path = "inc/GRMustache/lib/libGRMustache1-ios4.a"; sourceTree = SOURCE_ROOT; };
		ED706ABA13A718DA00AAE86E /* GRMustache_context.h */ = {isa = PBXFileReference; fileEncoding = 4; lastKnownFileType = sourcecode.c.h; name = GRMustache_context.h; path = inc/GRMustache/Classes/GRMustache_context.h; sourceTree = SOURCE_ROOT; };
		ED706ADD13A7280800AAE86E /* template.html */ = {isa = PBXFileReference; fileEncoding = 4; lastKnownFileType = text.html; path = template.html; sourceTree = "<group>"; };
		ED706ADF13A7283700AAE86E /* iCPAN.js */ = {isa = PBXFileReference; fileEncoding = 4; lastKnownFileType = sourcecode.javascript; path = iCPAN.js; sourceTree = "<group>"; };
		ED706AE013A7283700AAE86E /* jquery.min.js */ = {isa = PBXFileReference; fileEncoding = 4; lastKnownFileType = sourcecode.javascript; path = jquery.min.js; sourceTree = "<group>"; };
		ED706AE113A7283700AAE86E /* shBrushJScript.js */ = {isa = PBXFileReference; fileEncoding = 4; lastKnownFileType = sourcecode.javascript; path = shBrushJScript.js; sourceTree = "<group>"; };
		ED706AE213A7283700AAE86E /* shBrushPerl.js */ = {isa = PBXFileReference; fileEncoding = 4; lastKnownFileType = sourcecode.javascript; path = shBrushPerl.js; sourceTree = "<group>"; };
		ED706AE313A7283700AAE86E /* shCore.js */ = {isa = PBXFileReference; fileEncoding = 4; lastKnownFileType = sourcecode.javascript; path = shCore.js; sourceTree = "<group>"; };
		ED706AE913A7285B00AAE86E /* shCore.css */ = {isa = PBXFileReference; fileEncoding = 4; lastKnownFileType = text.css; path = shCore.css; sourceTree = "<group>"; };
		ED706AEA13A7285B00AAE86E /* shThemeDefault.css */ = {isa = PBXFileReference; fileEncoding = 4; lastKnownFileType = text.css; path = shThemeDefault.css; sourceTree = "<group>"; };
		ED706AEB13A7285B00AAE86E /* shThemeEmacs.css */ = {isa = PBXFileReference; fileEncoding = 4; lastKnownFileType = text.css; path = shThemeEmacs.css; sourceTree = "<group>"; };
		ED706AEC13A7285B00AAE86E /* style.css */ = {isa = PBXFileReference; fileEncoding = 4; lastKnownFileType = text.css; path = style.css; sourceTree = "<group>"; };
		ED725D7C139DDF370006EFA3 /* ModuleViewController.h */ = {isa = PBXFileReference; fileEncoding = 4; lastKnownFileType = sourcecode.c.h; path = ModuleViewController.h; sourceTree = "<group>"; };
		ED725D7D139DDF370006EFA3 /* ModuleViewController.m */ = {isa = PBXFileReference; fileEncoding = 4; lastKnownFileType = sourcecode.c.objc; path = ModuleViewController.m; sourceTree = "<group>"; };
		ED725D80139DE5C50006EFA3 /* Author.h */ = {isa = PBXFileReference; fileEncoding = 4; lastKnownFileType = sourcecode.c.h; name = Author.h; path = Model/Author.h; sourceTree = "<group>"; };
		ED725D81139DE5C60006EFA3 /* Author.m */ = {isa = PBXFileReference; fileEncoding = 4; lastKnownFileType = sourcecode.c.objc; name = Author.m; path = Model/Author.m; sourceTree = "<group>"; };
		ED725D83139DE5C60006EFA3 /* Module.h */ = {isa = PBXFileReference; fileEncoding = 4; lastKnownFileType = sourcecode.c.h; name = Module.h; path = Model/Module.h; sourceTree = "<group>"; };
		ED725D84139DE5C60006EFA3 /* Module.m */ = {isa = PBXFileReference; fileEncoding = 4; lastKnownFileType = sourcecode.c.objc; name = Module.m; path = Model/Module.m; sourceTree = "<group>"; };
		ED725D86139DE5C60006EFA3 /* Distribution.h */ = {isa = PBXFileReference; fileEncoding = 4; lastKnownFileType = sourcecode.c.h; name = Distribution.h; path = Model/Distribution.h; sourceTree = "<group>"; };
		ED725D87139DE5C60006EFA3 /* Distribution.m */ = {isa = PBXFileReference; fileEncoding = 4; lastKnownFileType = sourcecode.c.objc; name = Distribution.m; path = Model/Distribution.m; sourceTree = "<group>"; };
		EDE9636713A9AB0A00F40948 /* JSON.h */ = {isa = PBXFileReference; fileEncoding = 4; lastKnownFileType = sourcecode.c.h; path = JSON.h; sourceTree = "<group>"; };
		EDE9636813A9AB0A00F40948 /* NSObject+SBJson.h */ = {isa = PBXFileReference; fileEncoding = 4; lastKnownFileType = sourcecode.c.h; path = "NSObject+SBJson.h"; sourceTree = "<group>"; };
		EDE9636913A9AB0A00F40948 /* NSObject+SBJson.m */ = {isa = PBXFileReference; fileEncoding = 4; lastKnownFileType = sourcecode.c.objc; path = "NSObject+SBJson.m"; sourceTree = "<group>"; };
		EDE9636A13A9AB0A00F40948 /* SBJson.h */ = {isa = PBXFileReference; fileEncoding = 4; lastKnownFileType = sourcecode.c.h; path = SBJson.h; sourceTree = "<group>"; };
		EDE9636B13A9AB0A00F40948 /* SBJsonParser.h */ = {isa = PBXFileReference; fileEncoding = 4; lastKnownFileType = sourcecode.c.h; path = SBJsonParser.h; sourceTree = "<group>"; };
		EDE9636C13A9AB0A00F40948 /* SBJsonParser.m */ = {isa = PBXFileReference; fileEncoding = 4; lastKnownFileType = sourcecode.c.objc; path = SBJsonParser.m; sourceTree = "<group>"; };
		EDE9636D13A9AB0A00F40948 /* SBJsonStreamParser.h */ = {isa = PBXFileReference; fileEncoding = 4; lastKnownFileType = sourcecode.c.h; path = SBJsonStreamParser.h; sourceTree = "<group>"; };
		EDE9636E13A9AB0A00F40948 /* SBJsonStreamParser.m */ = {isa = PBXFileReference; fileEncoding = 4; lastKnownFileType = sourcecode.c.objc; path = SBJsonStreamParser.m; sourceTree = "<group>"; };
		EDE9636F13A9AB0A00F40948 /* SBJsonStreamParserAccumulator.h */ = {isa = PBXFileReference; fileEncoding = 4; lastKnownFileType = sourcecode.c.h; path = SBJsonStreamParserAccumulator.h; sourceTree = "<group>"; };
		EDE9637013A9AB0A00F40948 /* SBJsonStreamParserAccumulator.m */ = {isa = PBXFileReference; fileEncoding = 4; lastKnownFileType = sourcecode.c.objc; path = SBJsonStreamParserAccumulator.m; sourceTree = "<group>"; };
		EDE9637113A9AB0A00F40948 /* SBJsonStreamParserAdapter.h */ = {isa = PBXFileReference; fileEncoding = 4; lastKnownFileType = sourcecode.c.h; path = SBJsonStreamParserAdapter.h; sourceTree = "<group>"; };
		EDE9637213A9AB0A00F40948 /* SBJsonStreamParserAdapter.m */ = {isa = PBXFileReference; fileEncoding = 4; lastKnownFileType = sourcecode.c.objc; path = SBJsonStreamParserAdapter.m; sourceTree = "<group>"; };
		EDE9637313A9AB0A00F40948 /* SBJsonStreamParserState.h */ = {isa = PBXFileReference; fileEncoding = 4; lastKnownFileType = sourcecode.c.h; path = SBJsonStreamParserState.h; sourceTree = "<group>"; };
		EDE9637413A9AB0A00F40948 /* SBJsonStreamParserState.m */ = {isa = PBXFileReference; fileEncoding = 4; lastKnownFileType = sourcecode.c.objc; path = SBJsonStreamParserState.m; sourceTree = "<group>"; };
		EDE9637513A9AB0A00F40948 /* SBJsonStreamWriter.h */ = {isa = PBXFileReference; fileEncoding = 4; lastKnownFileType = sourcecode.c.h; path = SBJsonStreamWriter.h; sourceTree = "<group>"; };
		EDE9637613A9AB0A00F40948 /* SBJsonStreamWriter.m */ = {isa = PBXFileReference; fileEncoding = 4; lastKnownFileType = sourcecode.c.objc; path = SBJsonStreamWriter.m; sourceTree = "<group>"; };
		EDE9637713A9AB0A00F40948 /* SBJsonStreamWriterAccumulator.h */ = {isa = PBXFileReference; fileEncoding = 4; lastKnownFileType = sourcecode.c.h; path = SBJsonStreamWriterAccumulator.h; sourceTree = "<group>"; };
		EDE9637813A9AB0A00F40948 /* SBJsonStreamWriterAccumulator.m */ = {isa = PBXFileReference; fileEncoding = 4; lastKnownFileType = sourcecode.c.objc; path = SBJsonStreamWriterAccumulator.m; sourceTree = "<group>"; };
		EDE9637913A9AB0A00F40948 /* SBJsonStreamWriterState.h */ = {isa = PBXFileReference; fileEncoding = 4; lastKnownFileType = sourcecode.c.h; path = SBJsonStreamWriterState.h; sourceTree = "<group>"; };
		EDE9637A13A9AB0A00F40948 /* SBJsonStreamWriterState.m */ = {isa = PBXFileReference; fileEncoding = 4; lastKnownFileType = sourcecode.c.objc; path = SBJsonStreamWriterState.m; sourceTree = "<group>"; };
		EDE9637B13A9AB0A00F40948 /* SBJsonTokeniser.h */ = {isa = PBXFileReference; fileEncoding = 4; lastKnownFileType = sourcecode.c.h; path = SBJsonTokeniser.h; sourceTree = "<group>"; };
		EDE9637C13A9AB0A00F40948 /* SBJsonTokeniser.m */ = {isa = PBXFileReference; fileEncoding = 4; lastKnownFileType = sourcecode.c.objc; path = SBJsonTokeniser.m; sourceTree = "<group>"; };
		EDE9637D13A9AB0A00F40948 /* SBJsonUTF8Stream.h */ = {isa = PBXFileReference; fileEncoding = 4; lastKnownFileType = sourcecode.c.h; path = SBJsonUTF8Stream.h; sourceTree = "<group>"; };
		EDE9637E13A9AB0A00F40948 /* SBJsonUTF8Stream.m */ = {isa = PBXFileReference; fileEncoding = 4; lastKnownFileType = sourcecode.c.objc; path = SBJsonUTF8Stream.m; sourceTree = "<group>"; };
		EDE9637F13A9AB0A00F40948 /* SBJsonWriter.h */ = {isa = PBXFileReference; fileEncoding = 4; lastKnownFileType = sourcecode.c.h; path = SBJsonWriter.h; sourceTree = "<group>"; };
		EDE9638013A9AB0A00F40948 /* SBJsonWriter.m */ = {isa = PBXFileReference; fileEncoding = 4; lastKnownFileType = sourcecode.c.objc; path = SBJsonWriter.m; sourceTree = "<group>"; };
		EDF7CE1F134438880012E9DA /* iCPAN.app */ = {isa = PBXFileReference; explicitFileType = wrapper.application; includeInIndex = 0; path = iCPAN.app; sourceTree = BUILT_PRODUCTS_DIR; };
		EDF7CE23134438880012E9DA /* UIKit.framework */ = {isa = PBXFileReference; lastKnownFileType = wrapper.framework; name = UIKit.framework; path = System/Library/Frameworks/UIKit.framework; sourceTree = SDKROOT; };
		EDF7CE25134438880012E9DA /* Foundation.framework */ = {isa = PBXFileReference; lastKnownFileType = wrapper.framework; name = Foundation.framework; path = System/Library/Frameworks/Foundation.framework; sourceTree = SDKROOT; };
		EDF7CE27134438880012E9DA /* CoreGraphics.framework */ = {isa = PBXFileReference; lastKnownFileType = wrapper.framework; name = CoreGraphics.framework; path = System/Library/Frameworks/CoreGraphics.framework; sourceTree = SDKROOT; };
		EDF7CE29134438880012E9DA /* CoreData.framework */ = {isa = PBXFileReference; lastKnownFileType = wrapper.framework; name = CoreData.framework; path = System/Library/Frameworks/CoreData.framework; sourceTree = SDKROOT; };
		EDF7CE2D134438880012E9DA /* iCPAN-Info.plist */ = {isa = PBXFileReference; lastKnownFileType = text.plist.xml; path = "iCPAN-Info.plist"; sourceTree = "<group>"; };
		EDF7CE2F134438880012E9DA /* en */ = {isa = PBXFileReference; lastKnownFileType = text.plist.strings; name = en; path = en.lproj/InfoPlist.strings; sourceTree = "<group>"; };
		EDF7CE31134438880012E9DA /* iCPAN-Prefix.pch */ = {isa = PBXFileReference; lastKnownFileType = sourcecode.c.h; path = "iCPAN-Prefix.pch"; sourceTree = "<group>"; };
		EDF7CE32134438880012E9DA /* main.m */ = {isa = PBXFileReference; lastKnownFileType = sourcecode.c.objc; path = main.m; sourceTree = "<group>"; };
		EDF7CE34134438880012E9DA /* iCPANAppDelegate.h */ = {isa = PBXFileReference; lastKnownFileType = sourcecode.c.h; path = iCPANAppDelegate.h; sourceTree = "<group>"; };
		EDF7CE35134438880012E9DA /* iCPANAppDelegate.m */ = {isa = PBXFileReference; lastKnownFileType = sourcecode.c.objc; path = iCPANAppDelegate.m; sourceTree = "<group>"; };
		EDF7CE38134438880012E9DA /* iCPAN.xcdatamodel */ = {isa = PBXFileReference; lastKnownFileType = wrapper.xcdatamodel; path = iCPAN.xcdatamodel; sourceTree = "<group>"; };
		EDF7CE3B134438880012E9DA /* iCPANAppDelegate_iPhone.h */ = {isa = PBXFileReference; lastKnownFileType = sourcecode.c.h; name = iCPANAppDelegate_iPhone.h; path = iPhone/iCPANAppDelegate_iPhone.h; sourceTree = "<group>"; };
		EDF7CE3C134438880012E9DA /* iCPANAppDelegate_iPhone.m */ = {isa = PBXFileReference; lastKnownFileType = sourcecode.c.objc; name = iCPANAppDelegate_iPhone.m; path = iPhone/iCPANAppDelegate_iPhone.m; sourceTree = "<group>"; };
		EDF7CE3F134438880012E9DA /* en */ = {isa = PBXFileReference; lastKnownFileType = file.xib; name = en; path = iPhone/en.lproj/MainWindow_iPhone.xib; sourceTree = "<group>"; };
		EDF7CE4D134438890012E9DA /* iCPANTests.octest */ = {isa = PBXFileReference; explicitFileType = wrapper.cfbundle; includeInIndex = 0; path = iCPANTests.octest; sourceTree = BUILT_PRODUCTS_DIR; };
		EDF7CE56134438890012E9DA /* iCPANTests-Info.plist */ = {isa = PBXFileReference; lastKnownFileType = text.plist.xml; path = "iCPANTests-Info.plist"; sourceTree = "<group>"; };
		EDF7CE58134438890012E9DA /* en */ = {isa = PBXFileReference; lastKnownFileType = text.plist.strings; name = en; path = en.lproj/InfoPlist.strings; sourceTree = "<group>"; };
		EDF7CE5A134438890012E9DA /* iCPANTests-Prefix.pch */ = {isa = PBXFileReference; lastKnownFileType = sourcecode.c.h; path = "iCPANTests-Prefix.pch"; sourceTree = "<group>"; };
		EDF7CE5B134438890012E9DA /* iCPANTests.h */ = {isa = PBXFileReference; lastKnownFileType = sourcecode.c.h; path = iCPANTests.h; sourceTree = "<group>"; };
		EDF7CE5D134438890012E9DA /* iCPANTests.m */ = {isa = PBXFileReference; lastKnownFileType = sourcecode.c.objc; path = iCPANTests.m; sourceTree = "<group>"; };
/* End PBXFileReference section */

/* Begin PBXFrameworksBuildPhase section */
		EDF7CE1C134438880012E9DA /* Frameworks */ = {
			isa = PBXFrameworksBuildPhase;
			buildActionMask = 2147483647;
			files = (
				EDF7CE24134438880012E9DA /* UIKit.framework in Frameworks */,
				EDF7CE26134438880012E9DA /* Foundation.framework in Frameworks */,
				EDF7CE28134438880012E9DA /* CoreGraphics.framework in Frameworks */,
				EDF7CE2A134438880012E9DA /* CoreData.framework in Frameworks */,
				ED706AB913A714D200AAE86E /* libGRMustache1-ios4.a in Frameworks */,
			);
			runOnlyForDeploymentPostprocessing = 0;
		};
		EDF7CE49134438890012E9DA /* Frameworks */ = {
			isa = PBXFrameworksBuildPhase;
			buildActionMask = 2147483647;
			files = (
				EDF7CE4E134438890012E9DA /* UIKit.framework in Frameworks */,
				EDF7CE4F134438890012E9DA /* Foundation.framework in Frameworks */,
				EDF7CE50134438890012E9DA /* CoreGraphics.framework in Frameworks */,
				EDF7CE51134438890012E9DA /* CoreData.framework in Frameworks */,
			);
			runOnlyForDeploymentPostprocessing = 0;
		};
/* End PBXFrameworksBuildPhase section */

/* Begin PBXGroup section */
		ED706AAA13A714BE00AAE86E /* GRMustache */ = {
			isa = PBXGroup;
			children = (
				ED706ABA13A718DA00AAE86E /* GRMustache_context.h */,
				ED706AB813A714D200AAE86E /* libGRMustache1-ios4.a */,
				ED706AAB13A714BE00AAE86E /* GRBoolean.h */,
				ED706AAC13A714BE00AAE86E /* GRMustache.h */,
				ED706AAD13A714BE00AAE86E /* GRMustacheConfiguration.h */,
				ED706AAE13A714BE00AAE86E /* GRMustacheContext.h */,
				ED706AAF13A714BE00AAE86E /* GRMustacheError.h */,
				ED706AB013A714BE00AAE86E /* GRMustacheLambda.h */,
				ED706AB113A714BE00AAE86E /* GRMustacheRendering.h */,
				ED706AB213A714BE00AAE86E /* GRMustacheSection.h */,
				ED706AB313A714BE00AAE86E /* GRMustacheTemplate.h */,
				ED706AB413A714BE00AAE86E /* GRMustacheTemplateLoader.h */,
				ED706AB513A714BE00AAE86E /* GRMustacheTemplateLoader_protected.h */,
				ED706AB613A714BE00AAE86E /* GRMustacheVersion.h */,
			);
			name = GRMustache;
			path = inc/GRMustache/include;
			sourceTree = SOURCE_ROOT;
		};
		ED706AD813A7272C00AAE86E /* Classes */ = {
			isa = PBXGroup;
			children = (
				EDE9636613A9AB0A00F40948 /* json-framework */,
				ED706AAA13A714BE00AAE86E /* GRMustache */,
			);
			name = Classes;
			sourceTree = "<group>";
		};
		ED706ADA13A7275500AAE86E /* Reference */ = {
			isa = PBXGroup;
			children = (
				ED725D7C139DDF370006EFA3 /* ModuleViewController.h */,
				ED725D7D139DDF370006EFA3 /* ModuleViewController.m */,
			);
			name = Reference;
			sourceTree = "<group>";
		};
		ED706ADB13A7277400AAE86E /* Model */ = {
			isa = PBXGroup;
			children = (
				ED725D86139DE5C60006EFA3 /* Distribution.h */,
				ED725D87139DE5C60006EFA3 /* Distribution.m */,
				ED725D83139DE5C60006EFA3 /* Module.h */,
				ED725D84139DE5C60006EFA3 /* Module.m */,
				ED725D80139DE5C50006EFA3 /* Author.h */,
				ED725D81139DE5C60006EFA3 /* Author.m */,
			);
			name = Model;
			sourceTree = "<group>";
		};
		ED706ADC13A727C400AAE86E /* Resources */ = {
			isa = PBXGroup;
			children = (
				ED706AE913A7285B00AAE86E /* shCore.css */,
				ED706AEA13A7285B00AAE86E /* shThemeDefault.css */,
				ED706AEB13A7285B00AAE86E /* shThemeEmacs.css */,
				ED706AEC13A7285B00AAE86E /* style.css */,
				ED706ADF13A7283700AAE86E /* iCPAN.js */,
				ED706AE013A7283700AAE86E /* jquery.min.js */,
				ED706AE113A7283700AAE86E /* shBrushJScript.js */,
				ED706AE213A7283700AAE86E /* shBrushPerl.js */,
				ED706AE313A7283700AAE86E /* shCore.js */,
				ED706ADD13A7280800AAE86E /* template.html */,
			);
			name = Resources;
			sourceTree = "<group>";
		};
		EDE9636613A9AB0A00F40948 /* json-framework */ = {
			isa = PBXGroup;
			children = (
				EDE9636713A9AB0A00F40948 /* JSON.h */,
				EDE9636813A9AB0A00F40948 /* NSObject+SBJson.h */,
				EDE9636913A9AB0A00F40948 /* NSObject+SBJson.m */,
				EDE9636A13A9AB0A00F40948 /* SBJson.h */,
				EDE9636B13A9AB0A00F40948 /* SBJsonParser.h */,
				EDE9636C13A9AB0A00F40948 /* SBJsonParser.m */,
				EDE9636D13A9AB0A00F40948 /* SBJsonStreamParser.h */,
				EDE9636E13A9AB0A00F40948 /* SBJsonStreamParser.m */,
				EDE9636F13A9AB0A00F40948 /* SBJsonStreamParserAccumulator.h */,
				EDE9637013A9AB0A00F40948 /* SBJsonStreamParserAccumulator.m */,
				EDE9637113A9AB0A00F40948 /* SBJsonStreamParserAdapter.h */,
				EDE9637213A9AB0A00F40948 /* SBJsonStreamParserAdapter.m */,
				EDE9637313A9AB0A00F40948 /* SBJsonStreamParserState.h */,
				EDE9637413A9AB0A00F40948 /* SBJsonStreamParserState.m */,
				EDE9637513A9AB0A00F40948 /* SBJsonStreamWriter.h */,
				EDE9637613A9AB0A00F40948 /* SBJsonStreamWriter.m */,
				EDE9637713A9AB0A00F40948 /* SBJsonStreamWriterAccumulator.h */,
				EDE9637813A9AB0A00F40948 /* SBJsonStreamWriterAccumulator.m */,
				EDE9637913A9AB0A00F40948 /* SBJsonStreamWriterState.h */,
				EDE9637A13A9AB0A00F40948 /* SBJsonStreamWriterState.m */,
				EDE9637B13A9AB0A00F40948 /* SBJsonTokeniser.h */,
				EDE9637C13A9AB0A00F40948 /* SBJsonTokeniser.m */,
				EDE9637D13A9AB0A00F40948 /* SBJsonUTF8Stream.h */,
				EDE9637E13A9AB0A00F40948 /* SBJsonUTF8Stream.m */,
				EDE9637F13A9AB0A00F40948 /* SBJsonWriter.h */,
				EDE9638013A9AB0A00F40948 /* SBJsonWriter.m */,
			);
			name = "json-framework";
			path = "inc/json-framework/Classes";
			sourceTree = SOURCE_ROOT;
		};
		EDF7CE14134438880012E9DA = {
			isa = PBXGroup;
			children = (
				EDF7CE2B134438880012E9DA /* iCPAN */,
				EDF7CE54134438890012E9DA /* iCPANTests */,
				EDF7CE22134438880012E9DA /* Frameworks */,
				EDF7CE20134438880012E9DA /* Products */,
			);
			sourceTree = "<group>";
		};
		EDF7CE20134438880012E9DA /* Products */ = {
			isa = PBXGroup;
			children = (
				EDF7CE1F134438880012E9DA /* iCPAN.app */,
				EDF7CE4D134438890012E9DA /* iCPANTests.octest */,
			);
			name = Products;
			sourceTree = "<group>";
		};
		EDF7CE22134438880012E9DA /* Frameworks */ = {
			isa = PBXGroup;
			children = (
				EDF7CE23134438880012E9DA /* UIKit.framework */,
				EDF7CE25134438880012E9DA /* Foundation.framework */,
				EDF7CE27134438880012E9DA /* CoreGraphics.framework */,
				EDF7CE29134438880012E9DA /* CoreData.framework */,
			);
			name = Frameworks;
			sourceTree = "<group>";
		};
		EDF7CE2B134438880012E9DA /* iCPAN */ = {
			isa = PBXGroup;
			children = (
				EDF7CE34134438880012E9DA /* iCPANAppDelegate.h */,
				EDF7CE35134438880012E9DA /* iCPANAppDelegate.m */,
				ED706ADB13A7277400AAE86E /* Model */,
				ED706ADA13A7275500AAE86E /* Reference */,
				ED706AD813A7272C00AAE86E /* Classes */,
				EDF7CE37134438880012E9DA /* iCPAN.xcdatamodeld */,
				EDF7CE3A134438880012E9DA /* iPhone */,
				EDF7CE41134438880012E9DA /* iPad */,
				ED706ADC13A727C400AAE86E /* Resources */,
				EDF7CE2C134438880012E9DA /* Supporting Files */,
			);
			path = iCPAN;
			sourceTree = "<group>";
		};
		EDF7CE2C134438880012E9DA /* Supporting Files */ = {
			isa = PBXGroup;
			children = (
				EDF7CE2D134438880012E9DA /* iCPAN-Info.plist */,
				EDF7CE2E134438880012E9DA /* InfoPlist.strings */,
				EDF7CE31134438880012E9DA /* iCPAN-Prefix.pch */,
				EDF7CE32134438880012E9DA /* main.m */,
			);
			name = "Supporting Files";
			sourceTree = "<group>";
		};
		EDF7CE3A134438880012E9DA /* iPhone */ = {
			isa = PBXGroup;
			children = (
				EDF7CE3B134438880012E9DA /* iCPANAppDelegate_iPhone.h */,
				EDF7CE3C134438880012E9DA /* iCPANAppDelegate_iPhone.m */,
				EDF7CE3E134438880012E9DA /* MainWindow_iPhone.xib */,
			);
			name = iPhone;
			sourceTree = "<group>";
		};
		EDF7CE41134438880012E9DA /* iPad */ = {
			isa = PBXGroup;
			children = (
				ED4B5C011383761600386B42 /* iCPANAppDelegate_iPad.h */,
				ED4B5C021383761600386B42 /* iCPANAppDelegate_iPad.m */,
				ED4B5C031383761600386B42 /* MainWindow_iPad.xib */,
				ED4B5C041383761600386B42 /* DetailViewController.h */,
				ED4B5C051383761600386B42 /* DetailViewController.m */,
				ED4B5C061383761600386B42 /* DetailViewController.xib */,
				ED4B5C1C1383844900386B42 /* GenericViewController.h */,
				ED4B5C1D1383844900386B42 /* GenericViewController.m */,
				ED4B5C1E1383844900386B42 /* GenericViewController.xib */,
			);
			name = iPad;
			sourceTree = "<group>";
		};
		EDF7CE54134438890012E9DA /* iCPANTests */ = {
			isa = PBXGroup;
			children = (
				EDF7CE5B134438890012E9DA /* iCPANTests.h */,
				EDF7CE5D134438890012E9DA /* iCPANTests.m */,
				EDF7CE55134438890012E9DA /* Supporting Files */,
			);
			path = iCPANTests;
			sourceTree = "<group>";
		};
		EDF7CE55134438890012E9DA /* Supporting Files */ = {
			isa = PBXGroup;
			children = (
				EDF7CE56134438890012E9DA /* iCPANTests-Info.plist */,
				EDF7CE57134438890012E9DA /* InfoPlist.strings */,
				EDF7CE5A134438890012E9DA /* iCPANTests-Prefix.pch */,
			);
			name = "Supporting Files";
			sourceTree = "<group>";
		};
/* End PBXGroup section */

/* Begin PBXNativeTarget section */
		EDF7CE1E134438880012E9DA /* iCPAN */ = {
			isa = PBXNativeTarget;
			buildConfigurationList = EDF7CE61134438890012E9DA /* Build configuration list for PBXNativeTarget "iCPAN" */;
			buildPhases = (
				EDF7CE1B134438880012E9DA /* Sources */,
				EDF7CE1C134438880012E9DA /* Frameworks */,
				EDF7CE1D134438880012E9DA /* Resources */,
			);
			buildRules = (
			);
			dependencies = (
			);
			name = iCPAN;
			productName = iCPAN;
			productReference = EDF7CE1F134438880012E9DA /* iCPAN.app */;
			productType = "com.apple.product-type.application";
		};
		EDF7CE4C134438890012E9DA /* iCPANTests */ = {
			isa = PBXNativeTarget;
			buildConfigurationList = EDF7CE64134438890012E9DA /* Build configuration list for PBXNativeTarget "iCPANTests" */;
			buildPhases = (
				EDF7CE48134438890012E9DA /* Sources */,
				EDF7CE49134438890012E9DA /* Frameworks */,
				EDF7CE4A134438890012E9DA /* Resources */,
				EDF7CE4B134438890012E9DA /* ShellScript */,
			);
			buildRules = (
			);
			dependencies = (
				EDF7CE53134438890012E9DA /* PBXTargetDependency */,
			);
			name = iCPANTests;
			productName = iCPANTests;
			productReference = EDF7CE4D134438890012E9DA /* iCPANTests.octest */;
			productType = "com.apple.product-type.bundle";
		};
/* End PBXNativeTarget section */

/* Begin PBXProject section */
		EDF7CE16134438880012E9DA /* Project object */ = {
			isa = PBXProject;
			attributes = {
				ORGANIZATIONNAME = wundersolutions.com;
			};
			buildConfigurationList = EDF7CE19134438880012E9DA /* Build configuration list for PBXProject "iCPAN" */;
			compatibilityVersion = "Xcode 3.2";
			developmentRegion = English;
			hasScannedForEncodings = 0;
			knownRegions = (
				en,
			);
			mainGroup = EDF7CE14134438880012E9DA;
			productRefGroup = EDF7CE20134438880012E9DA /* Products */;
			projectDirPath = "";
			projectRoot = "";
			targets = (
				EDF7CE1E134438880012E9DA /* iCPAN */,
				EDF7CE4C134438890012E9DA /* iCPANTests */,
			);
		};
/* End PBXProject section */

/* Begin PBXResourcesBuildPhase section */
		EDF7CE1D134438880012E9DA /* Resources */ = {
			isa = PBXResourcesBuildPhase;
			buildActionMask = 2147483647;
			files = (
				EDF7CE30134438880012E9DA /* InfoPlist.strings in Resources */,
				EDF7CE40134438880012E9DA /* MainWindow_iPhone.xib in Resources */,
				ED4B5C0A1383761600386B42 /* MainWindow_iPad.xib in Resources */,
				ED4B5C0C1383761600386B42 /* DetailViewController.xib in Resources */,
				ED4B5C201383844A00386B42 /* GenericViewController.xib in Resources */,
				ED706ADE13A7280800AAE86E /* template.html in Resources */,
				ED706AED13A7285B00AAE86E /* shCore.css in Resources */,
				ED706AEE13A7285B00AAE86E /* shThemeDefault.css in Resources */,
				ED706AEF13A7285B00AAE86E /* shThemeEmacs.css in Resources */,
				ED706AF013A7285B00AAE86E /* style.css in Resources */,
				ED706AE413A7283700AAE86E /* iCPAN.js in Resources */,
				ED706AE513A7283700AAE86E /* jquery.min.js in Resources */,
				ED706AE613A7283700AAE86E /* shBrushJScript.js in Resources */,
				ED706AE713A7283700AAE86E /* shBrushPerl.js in Resources */,
				ED706AE813A7283700AAE86E /* shCore.js in Resources */,
			);
			runOnlyForDeploymentPostprocessing = 0;
		};
		EDF7CE4A134438890012E9DA /* Resources */ = {
			isa = PBXResourcesBuildPhase;
			buildActionMask = 2147483647;
			files = (
				EDF7CE59134438890012E9DA /* InfoPlist.strings in Resources */,
				EDF7CE5C134438890012E9DA /* iCPANTests.h in Resources */,
			);
			runOnlyForDeploymentPostprocessing = 0;
		};
/* End PBXResourcesBuildPhase section */

/* Begin PBXShellScriptBuildPhase section */
		EDF7CE4B134438890012E9DA /* ShellScript */ = {
			isa = PBXShellScriptBuildPhase;
			buildActionMask = 2147483647;
			files = (
			);
			inputPaths = (
			);
			outputPaths = (
			);
			runOnlyForDeploymentPostprocessing = 0;
			shellPath = /bin/sh;
			shellScript = "# Run the unit tests in this test bundle.\n\"${SYSTEM_DEVELOPER_DIR}/Tools/RunUnitTests\"\n";
		};
/* End PBXShellScriptBuildPhase section */

/* Begin PBXSourcesBuildPhase section */
		EDF7CE1B134438880012E9DA /* Sources */ = {
			isa = PBXSourcesBuildPhase;
			buildActionMask = 2147483647;
			files = (
				EDF7CE33134438880012E9DA /* main.m in Sources */,
				EDF7CE36134438880012E9DA /* iCPANAppDelegate.m in Sources */,
				EDF7CE39134438880012E9DA /* iCPAN.xcdatamodeld in Sources */,
				EDF7CE3D134438880012E9DA /* iCPANAppDelegate_iPhone.m in Sources */,
				ED4B5C091383761600386B42 /* iCPANAppDelegate_iPad.m in Sources */,
				ED4B5C0B1383761600386B42 /* DetailViewController.m in Sources */,
				ED4B5C1F1383844A00386B42 /* GenericViewController.m in Sources */,
				ED725D7E139DDF370006EFA3 /* ModuleViewController.m in Sources */,
				ED725D82139DE5C60006EFA3 /* Author.m in Sources */,
				ED725D85139DE5C60006EFA3 /* Module.m in Sources */,
				ED725D88139DE5C60006EFA3 /* Distribution.m in Sources */,
				EDE9638113A9AB0A00F40948 /* NSObject+SBJson.m in Sources */,
				EDE9638213A9AB0A00F40948 /* SBJsonParser.m in Sources */,
				EDE9638313A9AB0A00F40948 /* SBJsonStreamParser.m in Sources */,
				EDE9638413A9AB0A00F40948 /* SBJsonStreamParserAccumulator.m in Sources */,
				EDE9638513A9AB0A00F40948 /* SBJsonStreamParserAdapter.m in Sources */,
				EDE9638613A9AB0A00F40948 /* SBJsonStreamParserState.m in Sources */,
				EDE9638713A9AB0A00F40948 /* SBJsonStreamWriter.m in Sources */,
				EDE9638813A9AB0A00F40948 /* SBJsonStreamWriterAccumulator.m in Sources */,
				EDE9638913A9AB0A00F40948 /* SBJsonStreamWriterState.m in Sources */,
				EDE9638A13A9AB0A00F40948 /* SBJsonTokeniser.m in Sources */,
				EDE9638B13A9AB0A00F40948 /* SBJsonUTF8Stream.m in Sources */,
				EDE9638C13A9AB0A00F40948 /* SBJsonWriter.m in Sources */,
			);
			runOnlyForDeploymentPostprocessing = 0;
		};
		EDF7CE48134438890012E9DA /* Sources */ = {
			isa = PBXSourcesBuildPhase;
			buildActionMask = 2147483647;
			files = (
				EDF7CE5E134438890012E9DA /* iCPANTests.m in Sources */,
			);
			runOnlyForDeploymentPostprocessing = 0;
		};
/* End PBXSourcesBuildPhase section */

/* Begin PBXTargetDependency section */
		EDF7CE53134438890012E9DA /* PBXTargetDependency */ = {
			isa = PBXTargetDependency;
			target = EDF7CE1E134438880012E9DA /* iCPAN */;
			targetProxy = EDF7CE52134438890012E9DA /* PBXContainerItemProxy */;
		};
/* End PBXTargetDependency section */

/* Begin PBXVariantGroup section */
		EDF7CE2E134438880012E9DA /* InfoPlist.strings */ = {
			isa = PBXVariantGroup;
			children = (
				EDF7CE2F134438880012E9DA /* en */,
			);
			name = InfoPlist.strings;
			sourceTree = "<group>";
		};
		EDF7CE3E134438880012E9DA /* MainWindow_iPhone.xib */ = {
			isa = PBXVariantGroup;
			children = (
				EDF7CE3F134438880012E9DA /* en */,
			);
			name = MainWindow_iPhone.xib;
			sourceTree = "<group>";
		};
		EDF7CE57134438890012E9DA /* InfoPlist.strings */ = {
			isa = PBXVariantGroup;
			children = (
				EDF7CE58134438890012E9DA /* en */,
			);
			name = InfoPlist.strings;
			sourceTree = "<group>";
		};
/* End PBXVariantGroup section */

/* Begin XCBuildConfiguration section */
		EDF7CE5F134438890012E9DA /* Debug */ = {
			isa = XCBuildConfiguration;
			buildSettings = {
				ARCHS = "$(ARCHS_STANDARD_32_BIT)";
				"CODE_SIGN_IDENTITY[sdk=iphoneos*]" = "iPhone Developer";
				GCC_C_LANGUAGE_STANDARD = gnu99;
				GCC_OPTIMIZATION_LEVEL = 0;
				GCC_PREPROCESSOR_DEFINITIONS = DEBUG;
				GCC_SYMBOLS_PRIVATE_EXTERN = NO;
				GCC_VERSION = com.apple.compilers.llvmgcc42;
				GCC_WARN_ABOUT_RETURN_TYPE = YES;
				GCC_WARN_UNUSED_VARIABLE = YES;
				IPHONEOS_DEPLOYMENT_TARGET = 4.3;
				SDKROOT = iphoneos;
				TARGETED_DEVICE_FAMILY = "1,2";
			};
			name = Debug;
		};
		EDF7CE60134438890012E9DA /* Release */ = {
			isa = XCBuildConfiguration;
			buildSettings = {
				ARCHS = "$(ARCHS_STANDARD_32_BIT)";
				"CODE_SIGN_IDENTITY[sdk=iphoneos*]" = "iPhone Developer";
				GCC_C_LANGUAGE_STANDARD = gnu99;
				GCC_VERSION = com.apple.compilers.llvmgcc42;
				GCC_WARN_ABOUT_RETURN_TYPE = YES;
				GCC_WARN_UNUSED_VARIABLE = YES;
				IPHONEOS_DEPLOYMENT_TARGET = 4.3;
				OTHER_CFLAGS = "-DNS_BLOCK_ASSERTIONS=1";
				SDKROOT = iphoneos;
				TARGETED_DEVICE_FAMILY = "1,2";
			};
			name = Release;
		};
		EDF7CE62134438890012E9DA /* Debug */ = {
			isa = XCBuildConfiguration;
			buildSettings = {
				ALWAYS_SEARCH_USER_PATHS = NO;
				COPY_PHASE_STRIP = NO;
				GCC_DYNAMIC_NO_PIC = NO;
				GCC_PRECOMPILE_PREFIX_HEADER = YES;
				GCC_PREFIX_HEADER = "iCPAN/iCPAN-Prefix.pch";
				INFOPLIST_FILE = "iCPAN/iCPAN-Info.plist";
				LIBRARY_SEARCH_PATHS = (
					"$(inherited)",
					"\"$(SRCROOT)/inc/GRMustache/lib\"",
				);
				"OTHER_LDFLAGS[sdk=iphonesimulator*][arch=*]" = "-all_load";
				PRODUCT_NAME = "$(TARGET_NAME)";
				SDKROOT = iphoneos4.3;
				WRAPPER_EXTENSION = app;
			};
			name = Debug;
		};
		EDF7CE63134438890012E9DA /* Release */ = {
			isa = XCBuildConfiguration;
			buildSettings = {
				ALWAYS_SEARCH_USER_PATHS = NO;
				COPY_PHASE_STRIP = YES;
				GCC_PRECOMPILE_PREFIX_HEADER = YES;
				GCC_PREFIX_HEADER = "iCPAN/iCPAN-Prefix.pch";
				INFOPLIST_FILE = "iCPAN/iCPAN-Info.plist";
				LIBRARY_SEARCH_PATHS = (
					"$(inherited)",
					"\"$(SRCROOT)/inc/GRMustache/lib\"",
				);
				"OTHER_LDFLAGS[sdk=iphonesimulator*][arch=*]" = "-all_load";
				PRODUCT_NAME = "$(TARGET_NAME)";
				SDKROOT = iphoneos4.3;
				VALIDATE_PRODUCT = YES;
				WRAPPER_EXTENSION = app;
			};
			name = Release;
		};
		EDF7CE65134438890012E9DA /* Debug */ = {
			isa = XCBuildConfiguration;
			buildSettings = {
				ALWAYS_SEARCH_USER_PATHS = NO;
				BUNDLE_LOADER = "$(BUILT_PRODUCTS_DIR)/iCPAN.app/iCPAN";
				FRAMEWORK_SEARCH_PATHS = (
					"$(SDKROOT)/Developer/Library/Frameworks",
					"$(DEVELOPER_LIBRARY_DIR)/Frameworks",
				);
				GCC_PRECOMPILE_PREFIX_HEADER = YES;
				GCC_PREFIX_HEADER = "iCPANTests/iCPANTests-Prefix.pch";
				INFOPLIST_FILE = "iCPANTests/iCPANTests-Info.plist";
				OTHER_LDFLAGS = (
					"-framework",
					SenTestingKit,
				);
				PRODUCT_NAME = "$(TARGET_NAME)";
				TEST_HOST = "$(BUNDLE_LOADER)";
				WRAPPER_EXTENSION = octest;
			};
			name = Debug;
		};
		EDF7CE66134438890012E9DA /* Release */ = {
			isa = XCBuildConfiguration;
			buildSettings = {
				ALWAYS_SEARCH_USER_PATHS = NO;
				BUNDLE_LOADER = "$(BUILT_PRODUCTS_DIR)/iCPAN.app/iCPAN";
				FRAMEWORK_SEARCH_PATHS = (
					"$(SDKROOT)/Developer/Library/Frameworks",
					"$(DEVELOPER_LIBRARY_DIR)/Frameworks",
				);
				GCC_PRECOMPILE_PREFIX_HEADER = YES;
				GCC_PREFIX_HEADER = "iCPANTests/iCPANTests-Prefix.pch";
				INFOPLIST_FILE = "iCPANTests/iCPANTests-Info.plist";
				OTHER_LDFLAGS = (
					"-framework",
					SenTestingKit,
				);
				PRODUCT_NAME = "$(TARGET_NAME)";
				TEST_HOST = "$(BUNDLE_LOADER)";
				WRAPPER_EXTENSION = octest;
			};
			name = Release;
		};
/* End XCBuildConfiguration section */

/* Begin XCConfigurationList section */
		EDF7CE19134438880012E9DA /* Build configuration list for PBXProject "iCPAN" */ = {
			isa = XCConfigurationList;
			buildConfigurations = (
				EDF7CE5F134438890012E9DA /* Debug */,
				EDF7CE60134438890012E9DA /* Release */,
			);
			defaultConfigurationIsVisible = 0;
			defaultConfigurationName = Release;
		};
		EDF7CE61134438890012E9DA /* Build configuration list for PBXNativeTarget "iCPAN" */ = {
			isa = XCConfigurationList;
			buildConfigurations = (
				EDF7CE62134438890012E9DA /* Debug */,
				EDF7CE63134438890012E9DA /* Release */,
			);
			defaultConfigurationIsVisible = 0;
			defaultConfigurationName = Release;
		};
		EDF7CE64134438890012E9DA /* Build configuration list for PBXNativeTarget "iCPANTests" */ = {
			isa = XCConfigurationList;
			buildConfigurations = (
				EDF7CE65134438890012E9DA /* Debug */,
				EDF7CE66134438890012E9DA /* Release */,
			);
			defaultConfigurationIsVisible = 0;
			defaultConfigurationName = Release;
		};
/* End XCConfigurationList section */

/* Begin XCVersionGroup section */
		EDF7CE37134438880012E9DA /* iCPAN.xcdatamodeld */ = {
			isa = XCVersionGroup;
			children = (
				EDF7CE38134438880012E9DA /* iCPAN.xcdatamodel */,
			);
			currentVersion = EDF7CE38134438880012E9DA /* iCPAN.xcdatamodel */;
			path = iCPAN.xcdatamodeld;
			sourceTree = "<group>";
			versionGroupType = wrapper.xcdatamodel;
		};
/* End XCVersionGroup section */
	};
	rootObject = EDF7CE16134438880012E9DA /* Project object */;
}
