// !$*UTF8*$!
{
	archiveVersion = 1;
	classes = {
	};
	objectVersion = 46;
	objects = {

/* Begin PBXBuildFile section */
		ED12AA1E142466A0007F8079 /* iCPAN.sqlite in Resources */ = {isa = PBXBuildFile; fileRef = ED12AA1D142466A0007F8079 /* iCPAN.sqlite */; };
		ED3F622B13C2216D006255A9 /* Author.m in Sources */ = {isa = PBXBuildFile; fileRef = ED3F622A13C2216D006255A9 /* Author.m */; };
		ED3F622E13C2216D006255A9 /* Module.m in Sources */ = {isa = PBXBuildFile; fileRef = ED3F622D13C2216D006255A9 /* Module.m */; };
		ED3F623113C2216D006255A9 /* Distribution.m in Sources */ = {isa = PBXBuildFile; fileRef = ED3F623013C2216D006255A9 /* Distribution.m */; };
		ED3F623413C2216D006255A9 /* Pod.m in Sources */ = {isa = PBXBuildFile; fileRef = ED3F623313C2216D006255A9 /* Pod.m */; };
		ED4B5C091383761600386B42 /* iCPANAppDelegate_iPad.m in Sources */ = {isa = PBXBuildFile; fileRef = ED4B5C021383761600386B42 /* iCPANAppDelegate_iPad.m */; };
		ED4B5C0A1383761600386B42 /* MainWindow_iPad.xib in Resources */ = {isa = PBXBuildFile; fileRef = ED4B5C031383761600386B42 /* MainWindow_iPad.xib */; };
		ED4B5C0B1383761600386B42 /* DetailViewController.m in Sources */ = {isa = PBXBuildFile; fileRef = ED4B5C051383761600386B42 /* DetailViewController.m */; };
		ED4B5C0C1383761600386B42 /* DetailViewController.xib in Resources */ = {isa = PBXBuildFile; fileRef = ED4B5C061383761600386B42 /* DetailViewController.xib */; };
		ED4B5C1F1383844A00386B42 /* SearchViewController_iPad.m in Sources */ = {isa = PBXBuildFile; fileRef = ED4B5C1D1383844900386B42 /* SearchViewController_iPad.m */; };
		ED4B5C201383844A00386B42 /* SearchViewController_iPad.xib in Resources */ = {isa = PBXBuildFile; fileRef = ED4B5C1E1383844900386B42 /* SearchViewController_iPad.xib */; };
		ED6ADE7313BD77AD006E5348 /* libGRMustache1-ios4.a in Frameworks */ = {isa = PBXBuildFile; fileRef = ED6ADE7213BD77AD006E5348 /* libGRMustache1-ios4.a */; };
		ED706ADE13A7280800AAE86E /* template.html in Resources */ = {isa = PBXBuildFile; fileRef = ED706ADD13A7280800AAE86E /* template.html */; };
		ED706AE413A7283700AAE86E /* iCPAN.js in Resources */ = {isa = PBXBuildFile; fileRef = ED706ADF13A7283700AAE86E /* iCPAN.js */; };
		ED706AE513A7283700AAE86E /* jquery.min.js in Resources */ = {isa = PBXBuildFile; fileRef = ED706AE013A7283700AAE86E /* jquery.min.js */; };
		ED706AE613A7283700AAE86E /* shBrushJScript.js in Resources */ = {isa = PBXBuildFile; fileRef = ED706AE113A7283700AAE86E /* shBrushJScript.js */; };
		ED706AE713A7283700AAE86E /* shBrushPerl.js in Resources */ = {isa = PBXBuildFile; fileRef = ED706AE213A7283700AAE86E /* shBrushPerl.js */; };
		ED706AE813A7283700AAE86E /* shCore.js in Resources */ = {isa = PBXBuildFile; fileRef = ED706AE313A7283700AAE86E /* shCore.js */; };
		ED706AED13A7285B00AAE86E /* shCore.css in Resources */ = {isa = PBXBuildFile; fileRef = ED706AE913A7285B00AAE86E /* shCore.css */; };
		ED706AEE13A7285B00AAE86E /* shThemeDefault.css in Resources */ = {isa = PBXBuildFile; fileRef = ED706AEA13A7285B00AAE86E /* shThemeDefault.css */; };
		ED706AEF13A7285B00AAE86E /* shThemeEmacs.css in Resources */ = {isa = PBXBuildFile; fileRef = ED706AEB13A7285B00AAE86E /* shThemeEmacs.css */; };
		ED706AF013A7285B00AAE86E /* style.css in Resources */ = {isa = PBXBuildFile; fileRef = ED706AEC13A7285B00AAE86E /* style.css */; };
		ED7FC69D13BEB949002505CC /* Settings.bundle in Resources */ = {isa = PBXBuildFile; fileRef = ED7FC69C13BEB949002505CC /* Settings.bundle */; };
		EDBDA4AF14C94731008F241E /* ModuleViewController.m in Sources */ = {isa = PBXBuildFile; fileRef = EDBDA4AD14C94730008F241E /* ModuleViewController.m */; };
		EDBDA4B014C94731008F241E /* ModuleViewController.xib in Resources */ = {isa = PBXBuildFile; fileRef = EDBDA4AE14C94730008F241E /* ModuleViewController.xib */; };
		EDEEEAFD13EE3F3D00DB5195 /* Default-Portrait~ipad.png in Resources */ = {isa = PBXBuildFile; fileRef = EDEEEAFC13EE3F3D00DB5195 /* Default-Portrait~ipad.png */; };
		EDEEEB0213EE429600DB5195 /* Default-Landscape~ipad.png in Resources */ = {isa = PBXBuildFile; fileRef = EDEEEAFF13EE410F00DB5195 /* Default-Landscape~ipad.png */; };
		EDEEEB0413EE42BE00DB5195 /* Default.png in Resources */ = {isa = PBXBuildFile; fileRef = EDEEEB0313EE42BE00DB5195 /* Default.png */; };
		EDEEEB0613EE42C700DB5195 /* icon.png in Resources */ = {isa = PBXBuildFile; fileRef = EDEEEB0513EE42C700DB5195 /* icon.png */; };
		EDEEEB0813EE448A00DB5195 /* onion-72x72.png in Resources */ = {isa = PBXBuildFile; fileRef = EDEEEB0713EE448A00DB5195 /* onion-72x72.png */; };
		EDEEEB0A13EE44F200DB5195 /* onion-114x114.png in Resources */ = {isa = PBXBuildFile; fileRef = EDEEEB0913EE44F200DB5195 /* onion-114x114.png */; };
		EDEEEB0C13EE44FF00DB5195 /* Default@2x.png in Resources */ = {isa = PBXBuildFile; fileRef = EDEEEB0B13EE44FF00DB5195 /* Default@2x.png */; };
		EDF1F450144BDD2500386258 /* SearchViewController_iPhone.m in Sources */ = {isa = PBXBuildFile; fileRef = EDF1F44E144BDD2500386258 /* SearchViewController_iPhone.m */; };
		EDF1F451144BDD2500386258 /* SearchViewController_iPhone.xib in Resources */ = {isa = PBXBuildFile; fileRef = EDF1F44F144BDD2500386258 /* SearchViewController_iPhone.xib */; };
		EDF1F455144BEB2A00386258 /* BookmarkController.m in Sources */ = {isa = PBXBuildFile; fileRef = EDF1F453144BEB2900386258 /* BookmarkController.m */; };
		EDF1F456144BEB2A00386258 /* BookmarkController.xib in Resources */ = {isa = PBXBuildFile; fileRef = EDF1F454144BEB2A00386258 /* BookmarkController.xib */; };
		EDF7CE24134438880012E9DA /* UIKit.framework in Frameworks */ = {isa = PBXBuildFile; fileRef = EDF7CE23134438880012E9DA /* UIKit.framework */; };
		EDF7CE26134438880012E9DA /* Foundation.framework in Frameworks */ = {isa = PBXBuildFile; fileRef = EDF7CE25134438880012E9DA /* Foundation.framework */; };
		EDF7CE28134438880012E9DA /* CoreGraphics.framework in Frameworks */ = {isa = PBXBuildFile; fileRef = EDF7CE27134438880012E9DA /* CoreGraphics.framework */; };
		EDF7CE2A134438880012E9DA /* CoreData.framework in Frameworks */ = {isa = PBXBuildFile; fileRef = EDF7CE29134438880012E9DA /* CoreData.framework */; };
		EDF7CE30134438880012E9DA /* InfoPlist.strings in Resources */ = {isa = PBXBuildFile; fileRef = EDF7CE2E134438880012E9DA /* InfoPlist.strings */; };
		EDF7CE33134438880012E9DA /* main.m in Sources */ = {isa = PBXBuildFile; fileRef = EDF7CE32134438880012E9DA /* main.m */; };
		EDF7CE36134438880012E9DA /* iCPANAppDelegate.m in Sources */ = {isa = PBXBuildFile; fileRef = EDF7CE35134438880012E9DA /* iCPANAppDelegate.m */; };
		EDF7CE39134438880012E9DA /* iCPAN.xcdatamodeld in Sources */ = {isa = PBXBuildFile; fileRef = EDF7CE37134438880012E9DA /* iCPAN.xcdatamodeld */; };
		EDF7CE3D134438880012E9DA /* iCPANAppDelegate_iPhone.m in Sources */ = {isa = PBXBuildFile; fileRef = EDF7CE3C134438880012E9DA /* iCPANAppDelegate_iPhone.m */; };
		EDF7CE40134438880012E9DA /* MainWindow_iPhone.xib in Resources */ = {isa = PBXBuildFile; fileRef = EDF7CE3E134438880012E9DA /* MainWindow_iPhone.xib */; };
		EDF7CE4E134438890012E9DA /* UIKit.framework in Frameworks */ = {isa = PBXBuildFile; fileRef = EDF7CE23134438880012E9DA /* UIKit.framework */; };
		EDF7CE4F134438890012E9DA /* Foundation.framework in Frameworks */ = {isa = PBXBuildFile; fileRef = EDF7CE25134438880012E9DA /* Foundation.framework */; };
		EDF7CE50134438890012E9DA /* CoreGraphics.framework in Frameworks */ = {isa = PBXBuildFile; fileRef = EDF7CE27134438880012E9DA /* CoreGraphics.framework */; };
		EDF7CE51134438890012E9DA /* CoreData.framework in Frameworks */ = {isa = PBXBuildFile; fileRef = EDF7CE29134438880012E9DA /* CoreData.framework */; };
		EDF7CE59134438890012E9DA /* InfoPlist.strings in Resources */ = {isa = PBXBuildFile; fileRef = EDF7CE57134438890012E9DA /* InfoPlist.strings */; };
		EDF7CE5C134438890012E9DA /* iCPANTests.h in Resources */ = {isa = PBXBuildFile; fileRef = EDF7CE5B134438890012E9DA /* iCPANTests.h */; };
		EDF7CE5E134438890012E9DA /* iCPANTests.m in Sources */ = {isa = PBXBuildFile; fileRef = EDF7CE5D134438890012E9DA /* iCPANTests.m */; };
/* End PBXBuildFile section */

/* Begin PBXContainerItemProxy section */
		EDF7CE52134438890012E9DA /* PBXContainerItemProxy */ = {
			isa = PBXContainerItemProxy;
			containerPortal = EDF7CE16134438880012E9DA /* Project object */;
			proxyType = 1;
			remoteGlobalIDString = EDF7CE1E134438880012E9DA;
			remoteInfo = iCPAN;
		};
/* End PBXContainerItemProxy section */

/* Begin PBXFileReference section */
		ED12AA1D142466A0007F8079 /* iCPAN.sqlite */ = {isa = PBXFileReference; lastKnownFileType = file; name = iCPAN.sqlite; path = ../iCPAN.sqlite; sourceTree = "<group>"; };
		ED3F622913C2216D006255A9 /* Author.h */ = {isa = PBXFileReference; fileEncoding = 4; lastKnownFileType = sourcecode.c.h; name = Author.h; path = model/Author.h; sourceTree = "<group>"; };
		ED3F622A13C2216D006255A9 /* Author.m */ = {isa = PBXFileReference; fileEncoding = 4; lastKnownFileType = sourcecode.c.objc; name = Author.m; path = model/Author.m; sourceTree = "<group>"; };
		ED3F622C13C2216D006255A9 /* Module.h */ = {isa = PBXFileReference; fileEncoding = 4; lastKnownFileType = sourcecode.c.h; name = Module.h; path = model/Module.h; sourceTree = "<group>"; };
		ED3F622D13C2216D006255A9 /* Module.m */ = {isa = PBXFileReference; fileEncoding = 4; lastKnownFileType = sourcecode.c.objc; name = Module.m; path = model/Module.m; sourceTree = "<group>"; };
		ED3F622F13C2216D006255A9 /* Distribution.h */ = {isa = PBXFileReference; fileEncoding = 4; lastKnownFileType = sourcecode.c.h; name = Distribution.h; path = model/Distribution.h; sourceTree = "<group>"; };
		ED3F623013C2216D006255A9 /* Distribution.m */ = {isa = PBXFileReference; fileEncoding = 4; lastKnownFileType = sourcecode.c.objc; name = Distribution.m; path = model/Distribution.m; sourceTree = "<group>"; };
		ED3F623213C2216D006255A9 /* Pod.h */ = {isa = PBXFileReference; fileEncoding = 4; lastKnownFileType = sourcecode.c.h; name = Pod.h; path = model/Pod.h; sourceTree = "<group>"; };
		ED3F623313C2216D006255A9 /* Pod.m */ = {isa = PBXFileReference; fileEncoding = 4; lastKnownFileType = sourcecode.c.objc; name = Pod.m; path = model/Pod.m; sourceTree = "<group>"; };
		ED4B5C011383761600386B42 /* iCPANAppDelegate_iPad.h */ = {isa = PBXFileReference; fileEncoding = 4; lastKnownFileType = sourcecode.c.h; path = iCPANAppDelegate_iPad.h; sourceTree = "<group>"; };
		ED4B5C021383761600386B42 /* iCPANAppDelegate_iPad.m */ = {isa = PBXFileReference; fileEncoding = 4; lastKnownFileType = sourcecode.c.objc; path = iCPANAppDelegate_iPad.m; sourceTree = "<group>"; };
		ED4B5C031383761600386B42 /* MainWindow_iPad.xib */ = {isa = PBXFileReference; fileEncoding = 4; lastKnownFileType = file.xib; name = MainWindow_iPad.xib; path = iCPAN/MainWindow_iPad.xib; sourceTree = "<group>"; };
		ED4B5C041383761600386B42 /* DetailViewController.h */ = {isa = PBXFileReference; fileEncoding = 4; lastKnownFileType = sourcecode.c.h; path = DetailViewController.h; sourceTree = "<group>"; };
		ED4B5C051383761600386B42 /* DetailViewController.m */ = {isa = PBXFileReference; fileEncoding = 4; lastKnownFileType = sourcecode.c.objc; path = DetailViewController.m; sourceTree = "<group>"; };
		ED4B5C061383761600386B42 /* DetailViewController.xib */ = {isa = PBXFileReference; fileEncoding = 4; lastKnownFileType = file.xib; name = DetailViewController.xib; path = iCPAN/DetailViewController.xib; sourceTree = "<group>"; };
		ED4B5C1C1383844900386B42 /* SearchViewController_iPad.h */ = {isa = PBXFileReference; fileEncoding = 4; path = SearchViewController_iPad.h; sourceTree = "<group>"; };
		ED4B5C1D1383844900386B42 /* SearchViewController_iPad.m */ = {isa = PBXFileReference; fileEncoding = 4; lastKnownFileType = sourcecode.c.objc; path = SearchViewController_iPad.m; sourceTree = "<group>"; };
		ED4B5C1E1383844900386B42 /* SearchViewController_iPad.xib */ = {isa = PBXFileReference; fileEncoding = 4; lastKnownFileType = file.xib; name = SearchViewController_iPad.xib; path = iCPAN/SearchViewController_iPad.xib; sourceTree = "<group>"; };
		ED6ADE6613BD76EC006E5348 /* GRMustache.h */ = {isa = PBXFileReference; fileEncoding = 4; lastKnownFileType = sourcecode.c.h; path = GRMustache.h; sourceTree = "<group>"; };
		ED6ADE7213BD77AD006E5348 /* libGRMustache1-ios4.a */ = {isa = PBXFileReference; lastKnownFileType = archive.ar; name = "libGRMustache1-ios4.a"; path = "../lib/libGRMustache1-ios4.a"; sourceTree = "<group>"; };
		ED706ADD13A7280800AAE86E /* template.html */ = {isa = PBXFileReference; fileEncoding = 4; lastKnownFileType = text.html; path = template.html; sourceTree = "<group>"; };
		ED706ADF13A7283700AAE86E /* iCPAN.js */ = {isa = PBXFileReference; fileEncoding = 4; lastKnownFileType = sourcecode.javascript; path = iCPAN.js; sourceTree = "<group>"; };
		ED706AE013A7283700AAE86E /* jquery.min.js */ = {isa = PBXFileReference; fileEncoding = 4; lastKnownFileType = sourcecode.javascript; path = jquery.min.js; sourceTree = "<group>"; };
		ED706AE113A7283700AAE86E /* shBrushJScript.js */ = {isa = PBXFileReference; fileEncoding = 4; lastKnownFileType = sourcecode.javascript; path = shBrushJScript.js; sourceTree = "<group>"; };
		ED706AE213A7283700AAE86E /* shBrushPerl.js */ = {isa = PBXFileReference; fileEncoding = 4; lastKnownFileType = sourcecode.javascript; path = shBrushPerl.js; sourceTree = "<group>"; };
		ED706AE313A7283700AAE86E /* shCore.js */ = {isa = PBXFileReference; fileEncoding = 4; lastKnownFileType = sourcecode.javascript; path = shCore.js; sourceTree = "<group>"; };
		ED706AE913A7285B00AAE86E /* shCore.css */ = {isa = PBXFileReference; fileEncoding = 4; lastKnownFileType = text.css; path = shCore.css; sourceTree = "<group>"; };
		ED706AEA13A7285B00AAE86E /* shThemeDefault.css */ = {isa = PBXFileReference; fileEncoding = 4; lastKnownFileType = text.css; path = shThemeDefault.css; sourceTree = "<group>"; };
		ED706AEB13A7285B00AAE86E /* shThemeEmacs.css */ = {isa = PBXFileReference; fileEncoding = 4; lastKnownFileType = text.css; path = shThemeEmacs.css; sourceTree = "<group>"; };
		ED706AEC13A7285B00AAE86E /* style.css */ = {isa = PBXFileReference; fileEncoding = 4; lastKnownFileType = text.css; path = style.css; sourceTree = "<group>"; };
		ED7FC69C13BEB949002505CC /* Settings.bundle */ = {isa = PBXFileReference; lastKnownFileType = "wrapper.plug-in"; name = Settings.bundle; path = iCPAN/Settings.bundle; sourceTree = SOURCE_ROOT; };
		EDBDA4AC14C94730008F241E /* ModuleViewController.h */ = {isa = PBXFileReference; fileEncoding = 4; lastKnownFileType = sourcecode.c.h; name = ModuleViewController.h; path = iPhone/ModuleViewController.h; sourceTree = "<group>"; };
		EDBDA4AD14C94730008F241E /* ModuleViewController.m */ = {isa = PBXFileReference; fileEncoding = 4; lastKnownFileType = sourcecode.c.objc; name = ModuleViewController.m; path = iPhone/ModuleViewController.m; sourceTree = "<group>"; };
		EDBDA4AE14C94730008F241E /* ModuleViewController.xib */ = {isa = PBXFileReference; fileEncoding = 4; lastKnownFileType = file.xib; name = ModuleViewController.xib; path = iCPAN/iPhone/ModuleViewController.xib; sourceTree = "<group>"; };
		EDEEEAFC13EE3F3D00DB5195 /* Default-Portrait~ipad.png */ = {isa = PBXFileReference; lastKnownFileType = image.png; name = "Default-Portrait~ipad.png"; path = "../Default-Portrait~ipad.png"; sourceTree = "<group>"; };
		EDEEEAFF13EE410F00DB5195 /* Default-Landscape~ipad.png */ = {isa = PBXFileReference; lastKnownFileType = image.png; name = "Default-Landscape~ipad.png"; path = "../Default-Landscape~ipad.png"; sourceTree = "<group>"; };
		EDEEEB0313EE42BE00DB5195 /* Default.png */ = {isa = PBXFileReference; lastKnownFileType = image.png; name = Default.png; path = ../Default.png; sourceTree = "<group>"; };
		EDEEEB0513EE42C700DB5195 /* icon.png */ = {isa = PBXFileReference; lastKnownFileType = image.png; name = icon.png; path = ../icon.png; sourceTree = "<group>"; };
		EDEEEB0713EE448A00DB5195 /* onion-72x72.png */ = {isa = PBXFileReference; lastKnownFileType = image.png; name = "onion-72x72.png"; path = "../onion-72x72.png"; sourceTree = "<group>"; };
		EDEEEB0913EE44F200DB5195 /* onion-114x114.png */ = {isa = PBXFileReference; lastKnownFileType = image.png; name = "onion-114x114.png"; path = "../onion-114x114.png"; sourceTree = "<group>"; };
		EDEEEB0B13EE44FF00DB5195 /* Default@2x.png */ = {isa = PBXFileReference; lastKnownFileType = image.png; name = "Default@2x.png"; path = "../Default@2x.png"; sourceTree = "<group>"; };
		EDF1F44D144BDD2500386258 /* SearchViewController_iPhone.h */ = {isa = PBXFileReference; fileEncoding = 4; path = SearchViewController_iPhone.h; sourceTree = "<group>"; };
		EDF1F44E144BDD2500386258 /* SearchViewController_iPhone.m */ = {isa = PBXFileReference; fileEncoding = 4; lastKnownFileType = sourcecode.c.objc; path = SearchViewController_iPhone.m; sourceTree = "<group>"; };
		EDF1F44F144BDD2500386258 /* SearchViewController_iPhone.xib */ = {isa = PBXFileReference; fileEncoding = 4; lastKnownFileType = file.xib; name = SearchViewController_iPhone.xib; path = iCPAN/SearchViewController_iPhone.xib; sourceTree = "<group>"; };
		EDF1F452144BEB2900386258 /* BookmarkController.h */ = {isa = PBXFileReference; fileEncoding = 4; lastKnownFileType = sourcecode.c.h; path = BookmarkController.h; sourceTree = "<group>"; };
		EDF1F453144BEB2900386258 /* BookmarkController.m */ = {isa = PBXFileReference; fileEncoding = 4; lastKnownFileType = sourcecode.c.objc; path = BookmarkController.m; sourceTree = "<group>"; };
		EDF1F454144BEB2A00386258 /* BookmarkController.xib */ = {isa = PBXFileReference; fileEncoding = 4; lastKnownFileType = file.xib; name = BookmarkController.xib; path = iCPAN/BookmarkController.xib; sourceTree = "<group>"; };
		EDF7CE1F134438880012E9DA /* iCPAN.app */ = {isa = PBXFileReference; explicitFileType = wrapper.application; includeInIndex = 0; path = iCPAN.app; sourceTree = BUILT_PRODUCTS_DIR; };
		EDF7CE23134438880012E9DA /* UIKit.framework */ = {isa = PBXFileReference; lastKnownFileType = wrapper.framework; name = UIKit.framework; path = System/Library/Frameworks/UIKit.framework; sourceTree = SDKROOT; };
		EDF7CE25134438880012E9DA /* Foundation.framework */ = {isa = PBXFileReference; lastKnownFileType = wrapper.framework; name = Foundation.framework; path = System/Library/Frameworks/Foundation.framework; sourceTree = SDKROOT; };
		EDF7CE27134438880012E9DA /* CoreGraphics.framework */ = {isa = PBXFileReference; lastKnownFileType = wrapper.framework; name = CoreGraphics.framework; path = System/Library/Frameworks/CoreGraphics.framework; sourceTree = SDKROOT; };
		EDF7CE29134438880012E9DA /* CoreData.framework */ = {isa = PBXFileReference; lastKnownFileType = wrapper.framework; name = CoreData.framework; path = System/Library/Frameworks/CoreData.framework; sourceTree = SDKROOT; };
		EDF7CE2D134438880012E9DA /* iCPAN-Info.plist */ = {isa = PBXFileReference; lastKnownFileType = text.plist.xml; path = "iCPAN-Info.plist"; sourceTree = "<group>"; };
		EDF7CE2F134438880012E9DA /* en */ = {isa = PBXFileReference; lastKnownFileType = text.plist.strings; name = en; path = en.lproj/InfoPlist.strings; sourceTree = "<group>"; };
		EDF7CE31134438880012E9DA /* iCPAN-Prefix.pch */ = {isa = PBXFileReference; lastKnownFileType = sourcecode.c.h; name = "iCPAN-Prefix.pch"; path = "iCPAN/iCPAN-Prefix.pch"; sourceTree = "<group>"; };
		EDF7CE32134438880012E9DA /* main.m */ = {isa = PBXFileReference; lastKnownFileType = sourcecode.c.objc; name = main.m; path = iCPAN/main.m; sourceTree = "<group>"; };
		EDF7CE34134438880012E9DA /* iCPANAppDelegate.h */ = {isa = PBXFileReference; lastKnownFileType = sourcecode.c.h; path = iCPANAppDelegate.h; sourceTree = "<group>"; };
		EDF7CE35134438880012E9DA /* iCPANAppDelegate.m */ = {isa = PBXFileReference; lastKnownFileType = sourcecode.c.objc; path = iCPANAppDelegate.m; sourceTree = "<group>"; };
		EDF7CE38134438880012E9DA /* iCPAN.xcdatamodel */ = {isa = PBXFileReference; lastKnownFileType = wrapper.xcdatamodel; path = iCPAN.xcdatamodel; sourceTree = "<group>"; };
		EDF7CE3B134438880012E9DA /* iCPANAppDelegate_iPhone.h */ = {isa = PBXFileReference; lastKnownFileType = sourcecode.c.h; name = iCPANAppDelegate_iPhone.h; path = iPhone/iCPANAppDelegate_iPhone.h; sourceTree = "<group>"; };
		EDF7CE3C134438880012E9DA /* iCPANAppDelegate_iPhone.m */ = {isa = PBXFileReference; lastKnownFileType = sourcecode.c.objc; name = iCPANAppDelegate_iPhone.m; path = iPhone/iCPANAppDelegate_iPhone.m; sourceTree = "<group>"; };
		EDF7CE3F134438880012E9DA /* en */ = {isa = PBXFileReference; lastKnownFileType = file.xib; name = en; path = iPhone/en.lproj/MainWindow_iPhone.xib; sourceTree = "<group>"; };
		EDF7CE4D134438890012E9DA /* iCPANTests.octest */ = {isa = PBXFileReference; explicitFileType = wrapper.cfbundle; includeInIndex = 0; path = iCPANTests.octest; sourceTree = BUILT_PRODUCTS_DIR; };
		EDF7CE56134438890012E9DA /* iCPANTests-Info.plist */ = {isa = PBXFileReference; lastKnownFileType = text.plist.xml; path = "iCPANTests-Info.plist"; sourceTree = "<group>"; };
		EDF7CE58134438890012E9DA /* en */ = {isa = PBXFileReference; lastKnownFileType = text.plist.strings; name = en; path = en.lproj/InfoPlist.strings; sourceTree = "<group>"; };
		EDF7CE5A134438890012E9DA /* iCPANTests-Prefix.pch */ = {isa = PBXFileReference; lastKnownFileType = sourcecode.c.h; path = "iCPANTests-Prefix.pch"; sourceTree = "<group>"; };
		EDF7CE5B134438890012E9DA /* iCPANTests.h */ = {isa = PBXFileReference; lastKnownFileType = sourcecode.c.h; path = iCPANTests.h; sourceTree = "<group>"; };
		EDF7CE5D134438890012E9DA /* iCPANTests.m */ = {isa = PBXFileReference; lastKnownFileType = sourcecode.c.objc; path = iCPANTests.m; sourceTree = "<group>"; };
/* End PBXFileReference section */

/* Begin PBXFrameworksBuildPhase section */
		EDF7CE1C134438880012E9DA /* Frameworks */ = {
			isa = PBXFrameworksBuildPhase;
			buildActionMask = 2147483647;
			files = (
				EDF7CE24134438880012E9DA /* UIKit.framework in Frameworks */,
				EDF7CE26134438880012E9DA /* Foundation.framework in Frameworks */,
				EDF7CE28134438880012E9DA /* CoreGraphics.framework in Frameworks */,
				EDF7CE2A134438880012E9DA /* CoreData.framework in Frameworks */,
				ED6ADE7313BD77AD006E5348 /* libGRMustache1-ios4.a in Frameworks */,
			);
			runOnlyForDeploymentPostprocessing = 0;
		};
		EDF7CE49134438890012E9DA /* Frameworks */ = {
			isa = PBXFrameworksBuildPhase;
			buildActionMask = 2147483647;
			files = (
				EDF7CE4E134438890012E9DA /* UIKit.framework in Frameworks */,
				EDF7CE4F134438890012E9DA /* Foundation.framework in Frameworks */,
				EDF7CE50134438890012E9DA /* CoreGraphics.framework in Frameworks */,
				EDF7CE51134438890012E9DA /* CoreData.framework in Frameworks */,
			);
			runOnlyForDeploymentPostprocessing = 0;
		};
/* End PBXFrameworksBuildPhase section */

/* Begin PBXGroup section */
		ED6ADE6413BD76EC006E5348 /* GRMustache */ = {
			isa = PBXGroup;
			children = (
				ED6ADE7213BD77AD006E5348 /* libGRMustache1-ios4.a */,
				ED6ADE6613BD76EC006E5348 /* GRMustache.h */,
			);
			name = GRMustache;
			path = ../../inc/GRMustache/include;
			sourceTree = "<group>";
		};
		ED706AD813A7272C00AAE86E /* Classes */ = {
			isa = PBXGroup;
			children = (
				ED706ADB13A7277400AAE86E /* Model */,
				EDCF8B9515106A0B00AB37E4 /* Shared */,
				EDF7CE41134438880012E9DA /* iPad */,
				EDF7CE3A134438880012E9DA /* iPhone */,
				ED6ADE6413BD76EC006E5348 /* GRMustache */,
			);
			name = Classes;
			sourceTree = "<group>";
		};
		ED706ADA13A7275500AAE86E /* Reference */ = {
			isa = PBXGroup;
			children = (
			);
			name = Reference;
			sourceTree = "<group>";
		};
		ED706ADB13A7277400AAE86E /* Model */ = {
			isa = PBXGroup;
			children = (
				ED3F623213C2216D006255A9 /* Pod.h */,
				ED3F623313C2216D006255A9 /* Pod.m */,
				ED3F622F13C2216D006255A9 /* Distribution.h */,
				ED3F623013C2216D006255A9 /* Distribution.m */,
				ED3F622C13C2216D006255A9 /* Module.h */,
				ED3F622D13C2216D006255A9 /* Module.m */,
				ED3F622913C2216D006255A9 /* Author.h */,
				ED3F622A13C2216D006255A9 /* Author.m */,
			);
			name = Model;
			sourceTree = "<group>";
		};
		ED706ADC13A727C400AAE86E /* Resources */ = {
			isa = PBXGroup;
			children = (
				EDCF8B9615106A3900AB37E4 /* img */,
				EDCF8B93151069B500AB37E4 /* CSS */,
				EDCF8B94151069C400AB37E4 /* JS */,
				ED706ADD13A7280800AAE86E /* template.html */,
			);
			name = Resources;
			sourceTree = "<group>";
		};
		EDCF8B8F1510687E00AB37E4 /* Resources-iPad */ = {
			isa = PBXGroup;
			children = (
				ED4B5C061383761600386B42 /* DetailViewController.xib */,
				ED4B5C1E1383844900386B42 /* SearchViewController_iPad.xib */,
				ED4B5C031383761600386B42 /* MainWindow_iPad.xib */,
			);
			name = "Resources-iPad";
			path = ..;
			sourceTree = "<group>";
		};
		EDCF8B911510689900AB37E4 /* Resources-iPhone */ = {
			isa = PBXGroup;
			children = (
				EDBDA4AE14C94730008F241E /* ModuleViewController.xib */,
				EDF1F454144BEB2A00386258 /* BookmarkController.xib */,
				EDF1F44F144BDD2500386258 /* SearchViewController_iPhone.xib */,
				EDF7CE3E134438880012E9DA /* MainWindow_iPhone.xib */,
			);
			name = "Resources-iPhone";
			path = ..;
			sourceTree = "<group>";
		};
		EDCF8B921510694B00AB37E4 /* Other Sources */ = {
			isa = PBXGroup;
			children = (
				EDF7CE31134438880012E9DA /* iCPAN-Prefix.pch */,
				EDF7CE32134438880012E9DA /* main.m */,
			);
			name = "Other Sources";
			path = ..;
			sourceTree = "<group>";
		};
		EDCF8B93151069B500AB37E4 /* CSS */ = {
			isa = PBXGroup;
			children = (
				ED706AE913A7285B00AAE86E /* shCore.css */,
				ED706AEA13A7285B00AAE86E /* shThemeDefault.css */,
				ED706AEB13A7285B00AAE86E /* shThemeEmacs.css */,
				ED706AEC13A7285B00AAE86E /* style.css */,
			);
			name = CSS;
			sourceTree = "<group>";
		};
		EDCF8B94151069C400AB37E4 /* JS */ = {
			isa = PBXGroup;
			children = (
				ED706ADF13A7283700AAE86E /* iCPAN.js */,
				ED706AE013A7283700AAE86E /* jquery.min.js */,
				ED706AE113A7283700AAE86E /* shBrushJScript.js */,
				ED706AE213A7283700AAE86E /* shBrushPerl.js */,
				ED706AE313A7283700AAE86E /* shCore.js */,
			);
			name = JS;
			sourceTree = "<group>";
		};
		EDCF8B9515106A0B00AB37E4 /* Shared */ = {
			isa = PBXGroup;
			children = (
			);
			name = Shared;
			sourceTree = "<group>";
		};
		EDCF8B9615106A3900AB37E4 /* img */ = {
			isa = PBXGroup;
			children = (
				EDEEEB0B13EE44FF00DB5195 /* Default@2x.png */,
				EDEEEB0913EE44F200DB5195 /* onion-114x114.png */,
				EDEEEB0713EE448A00DB5195 /* onion-72x72.png */,
				EDEEEB0513EE42C700DB5195 /* icon.png */,
				EDEEEB0313EE42BE00DB5195 /* Default.png */,
				EDEEEAFF13EE410F00DB5195 /* Default-Landscape~ipad.png */,
				EDEEEAFC13EE3F3D00DB5195 /* Default-Portrait~ipad.png */,
			);
			name = img;
			sourceTree = "<group>";
		};
		EDF7CE14134438880012E9DA = {
			isa = PBXGroup;
			children = (
				ED12AA1D142466A0007F8079 /* iCPAN.sqlite */,
				EDF7CE2B134438880012E9DA /* iCPAN */,
				EDF7CE54134438890012E9DA /* iCPANTests */,
				EDF7CE22134438880012E9DA /* Frameworks */,
				EDF7CE20134438880012E9DA /* Products */,
			);
			sourceTree = "<group>";
		};
		EDF7CE20134438880012E9DA /* Products */ = {
			isa = PBXGroup;
			children = (
				EDF7CE1F134438880012E9DA /* iCPAN.app */,
				EDF7CE4D134438890012E9DA /* iCPANTests.octest */,
			);
			name = Products;
			sourceTree = "<group>";
		};
		EDF7CE22134438880012E9DA /* Frameworks */ = {
			isa = PBXGroup;
			children = (
				EDF7CE23134438880012E9DA /* UIKit.framework */,
				EDF7CE25134438880012E9DA /* Foundation.framework */,
				EDF7CE27134438880012E9DA /* CoreGraphics.framework */,
				EDF7CE29134438880012E9DA /* CoreData.framework */,
			);
			name = Frameworks;
			sourceTree = "<group>";
		};
		EDF7CE2B134438880012E9DA /* iCPAN */ = {
			isa = PBXGroup;
			children = (
				EDF7CE34134438880012E9DA /* iCPANAppDelegate.h */,
				EDF7CE35134438880012E9DA /* iCPANAppDelegate.m */,
				ED706ADA13A7275500AAE86E /* Reference */,
				ED706AD813A7272C00AAE86E /* Classes */,
				EDF7CE37134438880012E9DA /* iCPAN.xcdatamodeld */,
				EDCF8B921510694B00AB37E4 /* Other Sources */,
				ED706ADC13A727C400AAE86E /* Resources */,
				EDCF8B8F1510687E00AB37E4 /* Resources-iPad */,
				EDCF8B911510689900AB37E4 /* Resources-iPhone */,
				EDF7CE2C134438880012E9DA /* Supporting Files */,
			);
			path = iCPAN;
			sourceTree = "<group>";
		};
		EDF7CE2C134438880012E9DA /* Supporting Files */ = {
			isa = PBXGroup;
			children = (
				EDF7CE2D134438880012E9DA /* iCPAN-Info.plist */,
				EDF7CE2E134438880012E9DA /* InfoPlist.strings */,
			);
			name = "Supporting Files";
			sourceTree = "<group>";
		};
		EDF7CE3A134438880012E9DA /* iPhone */ = {
			isa = PBXGroup;
			children = (
				EDF7CE3B134438880012E9DA /* iCPANAppDelegate_iPhone.h */,
				EDF7CE3C134438880012E9DA /* iCPANAppDelegate_iPhone.m */,
				EDF1F44D144BDD2500386258 /* SearchViewController_iPhone.h */,
				EDF1F44E144BDD2500386258 /* SearchViewController_iPhone.m */,
				EDF1F452144BEB2900386258 /* BookmarkController.h */,
				EDF1F453144BEB2900386258 /* BookmarkController.m */,
				EDBDA4AC14C94730008F241E /* ModuleViewController.h */,
				EDBDA4AD14C94730008F241E /* ModuleViewController.m */,
			);
			name = iPhone;
			sourceTree = "<group>";
		};
		EDF7CE41134438880012E9DA /* iPad */ = {
			isa = PBXGroup;
			children = (
				ED4B5C011383761600386B42 /* iCPANAppDelegate_iPad.h */,
				ED4B5C021383761600386B42 /* iCPANAppDelegate_iPad.m */,
				ED4B5C041383761600386B42 /* DetailViewController.h */,
				ED4B5C051383761600386B42 /* DetailViewController.m */,
				ED4B5C1C1383844900386B42 /* SearchViewController_iPad.h */,
				ED4B5C1D1383844900386B42 /* SearchViewController_iPad.m */,
			);
			name = iPad;
			sourceTree = "<group>";
		};
		EDF7CE54134438890012E9DA /* iCPANTests */ = {
			isa = PBXGroup;
			children = (
				EDF7CE5B134438890012E9DA /* iCPANTests.h */,
				EDF7CE5D134438890012E9DA /* iCPANTests.m */,
				EDF7CE55134438890012E9DA /* Supporting Files */,
			);
			path = iCPANTests;
			sourceTree = "<group>";
		};
		EDF7CE55134438890012E9DA /* Supporting Files */ = {
			isa = PBXGroup;
			children = (
				EDF7CE56134438890012E9DA /* iCPANTests-Info.plist */,
				ED7FC69C13BEB949002505CC /* Settings.bundle */,
				EDF7CE57134438890012E9DA /* InfoPlist.strings */,
				EDF7CE5A134438890012E9DA /* iCPANTests-Prefix.pch */,
			);
			name = "Supporting Files";
			sourceTree = "<group>";
		};
/* End PBXGroup section */

/* Begin PBXNativeTarget section */
		EDF7CE1E134438880012E9DA /* iCPAN */ = {
			isa = PBXNativeTarget;
			buildConfigurationList = EDF7CE61134438890012E9DA /* Build configuration list for PBXNativeTarget "iCPAN" */;
			buildPhases = (
				EDF7CE1B134438880012E9DA /* Sources */,
				EDF7CE1C134438880012E9DA /* Frameworks */,
				EDF7CE1D134438880012E9DA /* Resources */,
			);
			buildRules = (
			);
			dependencies = (
			);
			name = iCPAN;
			productName = iCPAN;
			productReference = EDF7CE1F134438880012E9DA /* iCPAN.app */;
			productType = "com.apple.product-type.application";
		};
		EDF7CE4C134438890012E9DA /* iCPANTests */ = {
			isa = PBXNativeTarget;
			buildConfigurationList = EDF7CE64134438890012E9DA /* Build configuration list for PBXNativeTarget "iCPANTests" */;
			buildPhases = (
				EDF7CE48134438890012E9DA /* Sources */,
				EDF7CE49134438890012E9DA /* Frameworks */,
				EDF7CE4A134438890012E9DA /* Resources */,
				EDF7CE4B134438890012E9DA /* ShellScript */,
			);
			buildRules = (
			);
			dependencies = (
				EDF7CE53134438890012E9DA /* PBXTargetDependency */,
			);
			name = iCPANTests;
			productName = iCPANTests;
			productReference = EDF7CE4D134438890012E9DA /* iCPANTests.octest */;
			productType = "com.apple.product-type.bundle";
		};
/* End PBXNativeTarget section */

/* Begin PBXProject section */
		EDF7CE16134438880012E9DA /* Project object */ = {
			isa = PBXProject;
			attributes = {
				LastUpgradeCheck = 0420;
				ORGANIZATIONNAME = wundersolutions.com;
			};
			buildConfigurationList = EDF7CE19134438880012E9DA /* Build configuration list for PBXProject "iCPAN" */;
			compatibilityVersion = "Xcode 3.2";
			developmentRegion = English;
			hasScannedForEncodings = 0;
			knownRegions = (
				en,
			);
			mainGroup = EDF7CE14134438880012E9DA;
			productRefGroup = EDF7CE20134438880012E9DA /* Products */;
			projectDirPath = "";
			projectRoot = "";
			targets = (
				EDF7CE1E134438880012E9DA /* iCPAN */,
				EDF7CE4C134438890012E9DA /* iCPANTests */,
			);
		};
/* End PBXProject section */

/* Begin PBXResourcesBuildPhase section */
		EDF7CE1D134438880012E9DA /* Resources */ = {
			isa = PBXResourcesBuildPhase;
			buildActionMask = 2147483647;
			files = (
				EDF7CE30134438880012E9DA /* InfoPlist.strings in Resources */,
				EDF7CE40134438880012E9DA /* MainWindow_iPhone.xib in Resources */,
				ED4B5C0A1383761600386B42 /* MainWindow_iPad.xib in Resources */,
				ED4B5C0C1383761600386B42 /* DetailViewController.xib in Resources */,
				ED4B5C201383844A00386B42 /* SearchViewController_iPad.xib in Resources */,
				ED706ADE13A7280800AAE86E /* template.html in Resources */,
				ED706AED13A7285B00AAE86E /* shCore.css in Resources */,
				ED706AEE13A7285B00AAE86E /* shThemeDefault.css in Resources */,
				ED706AEF13A7285B00AAE86E /* shThemeEmacs.css in Resources */,
				ED706AF013A7285B00AAE86E /* style.css in Resources */,
				ED706AE413A7283700AAE86E /* iCPAN.js in Resources */,
				ED706AE513A7283700AAE86E /* jquery.min.js in Resources */,
				ED706AE613A7283700AAE86E /* shBrushJScript.js in Resources */,
				ED706AE713A7283700AAE86E /* shBrushPerl.js in Resources */,
				ED706AE813A7283700AAE86E /* shCore.js in Resources */,
				ED7FC69D13BEB949002505CC /* Settings.bundle in Resources */,
				EDEEEAFD13EE3F3D00DB5195 /* Default-Portrait~ipad.png in Resources */,
				EDEEEB0213EE429600DB5195 /* Default-Landscape~ipad.png in Resources */,
				EDEEEB0413EE42BE00DB5195 /* Default.png in Resources */,
				EDEEEB0613EE42C700DB5195 /* icon.png in Resources */,
				EDEEEB0813EE448A00DB5195 /* onion-72x72.png in Resources */,
				EDEEEB0A13EE44F200DB5195 /* onion-114x114.png in Resources */,
				EDEEEB0C13EE44FF00DB5195 /* Default@2x.png in Resources */,
				ED12AA1E142466A0007F8079 /* iCPAN.sqlite in Resources */,
				EDF1F451144BDD2500386258 /* SearchViewController_iPhone.xib in Resources */,
				EDF1F456144BEB2A00386258 /* BookmarkController.xib in Resources */,
				EDBDA4B014C94731008F241E /* ModuleViewController.xib in Resources */,
			);
			runOnlyForDeploymentPostprocessing = 0;
		};
		EDF7CE4A134438890012E9DA /* Resources */ = {
			isa = PBXResourcesBuildPhase;
			buildActionMask = 2147483647;
			files = (
				EDF7CE59134438890012E9DA /* InfoPlist.strings in Resources */,
				EDF7CE5C134438890012E9DA /* iCPANTests.h in Resources */,
			);
			runOnlyForDeploymentPostprocessing = 0;
		};
/* End PBXResourcesBuildPhase section */

/* Begin PBXShellScriptBuildPhase section */
		EDF7CE4B134438890012E9DA /* ShellScript */ = {
			isa = PBXShellScriptBuildPhase;
			buildActionMask = 2147483647;
			files = (
			);
			inputPaths = (
			);
			outputPaths = (
			);
			runOnlyForDeploymentPostprocessing = 0;
			shellPath = /bin/sh;
			shellScript = "# Run the unit tests in this test bundle.\n\"${SYSTEM_DEVELOPER_DIR}/Tools/RunUnitTests\"\n";
		};
/* End PBXShellScriptBuildPhase section */

/* Begin PBXSourcesBuildPhase section */
		EDF7CE1B134438880012E9DA /* Sources */ = {
			isa = PBXSourcesBuildPhase;
			buildActionMask = 2147483647;
			files = (
				EDF7CE33134438880012E9DA /* main.m in Sources */,
				EDF7CE36134438880012E9DA /* iCPANAppDelegate.m in Sources */,
				EDF7CE39134438880012E9DA /* iCPAN.xcdatamodeld in Sources */,
				EDF7CE3D134438880012E9DA /* iCPANAppDelegate_iPhone.m in Sources */,
				ED4B5C091383761600386B42 /* iCPANAppDelegate_iPad.m in Sources */,
				ED4B5C0B1383761600386B42 /* DetailViewController.m in Sources */,
				ED4B5C1F1383844A00386B42 /* SearchViewController_iPad.m in Sources */,
				ED3F622B13C2216D006255A9 /* Author.m in Sources */,
				ED3F622E13C2216D006255A9 /* Module.m in Sources */,
				ED3F623113C2216D006255A9 /* Distribution.m in Sources */,
				ED3F623413C2216D006255A9 /* Pod.m in Sources */,
				EDF1F450144BDD2500386258 /* SearchViewController_iPhone.m in Sources */,
				EDF1F455144BEB2A00386258 /* BookmarkController.m in Sources */,
				EDBDA4AF14C94731008F241E /* ModuleViewController.m in Sources */,
			);
			runOnlyForDeploymentPostprocessing = 0;
		};
		EDF7CE48134438890012E9DA /* Sources */ = {
			isa = PBXSourcesBuildPhase;
			buildActionMask = 2147483647;
			files = (
				EDF7CE5E134438890012E9DA /* iCPANTests.m in Sources */,
			);
			runOnlyForDeploymentPostprocessing = 0;
		};
/* End PBXSourcesBuildPhase section */

/* Begin PBXTargetDependency section */
		EDF7CE53134438890012E9DA /* PBXTargetDependency */ = {
			isa = PBXTargetDependency;
			target = EDF7CE1E134438880012E9DA /* iCPAN */;
			targetProxy = EDF7CE52134438890012E9DA /* PBXContainerItemProxy */;
		};
/* End PBXTargetDependency section */

/* Begin PBXVariantGroup section */
		EDF7CE2E134438880012E9DA /* InfoPlist.strings */ = {
			isa = PBXVariantGroup;
			children = (
				EDF7CE2F134438880012E9DA /* en */,
			);
			name = InfoPlist.strings;
			sourceTree = "<group>";
		};
		EDF7CE3E134438880012E9DA /* MainWindow_iPhone.xib */ = {
			isa = PBXVariantGroup;
			children = (
				EDF7CE3F134438880012E9DA /* en */,
			);
			name = MainWindow_iPhone.xib;
			path = iCPAN;
			sourceTree = "<group>";
		};
		EDF7CE57134438890012E9DA /* InfoPlist.strings */ = {
			isa = PBXVariantGroup;
			children = (
				EDF7CE58134438890012E9DA /* en */,
			);
			name = InfoPlist.strings;
			sourceTree = "<group>";
		};
/* End PBXVariantGroup section */

/* Begin XCBuildConfiguration section */
		EDC598CA13EF8C6E0075685B /* Ad Hoc */ = {
			isa = XCBuildConfiguration;
			buildSettings = {
				ARCHS = "$(ARCHS_STANDARD_32_BIT)";
				"CODE_SIGN_IDENTITY[sdk=iphoneos*]" = "iPhone Distribution: Olaf Alders";
				GCC_C_LANGUAGE_STANDARD = gnu99;
				GCC_VERSION = com.apple.compilers.llvmgcc42;
				GCC_WARN_ABOUT_RETURN_TYPE = YES;
				GCC_WARN_UNUSED_VARIABLE = YES;
				IPHONEOS_DEPLOYMENT_TARGET = 4.3;
				OTHER_CFLAGS = "-DNS_BLOCK_ASSERTIONS=1";
				"PROVISIONING_PROFILE[sdk=iphoneos*]" = "2A43A31B-38C5-4C4D-A1F3-FA09F60E0BBF";
				SDKROOT = iphoneos;
				TARGETED_DEVICE_FAMILY = "1,2";
			};
			name = "Ad Hoc";
		};
		EDC598CB13EF8C6E0075685B /* Ad Hoc */ = {
			isa = XCBuildConfiguration;
			buildSettings = {
				ALWAYS_SEARCH_USER_PATHS = NO;
				CLANG_ENABLE_OBJC_ARC = YES;
				COPY_PHASE_STRIP = YES;
				GCC_PRECOMPILE_PREFIX_HEADER = YES;
				GCC_PREFIX_HEADER = "iCPAN/iCPAN-Prefix.pch";
				GCC_VERSION = com.apple.compilers.llvm.clang.1_0;
				INFOPLIST_FILE = "iCPAN/iCPAN-Info.plist";
				IPHONEOS_DEPLOYMENT_TARGET = 5.0;
				LIBRARY_SEARCH_PATHS = (
					"$(inherited)",
					"\"$(SRCROOT)/inc/GRMustache/lib\"",
					"\"$(SRCROOT)/../inc/GRMustache/lib\"",
				);
				"OTHER_LDFLAGS[sdk=iphoneos*][arch=*]" = "-all_load";
				PRODUCT_NAME = "$(TARGET_NAME)";
				SDKROOT = iphoneos;
				VALIDATE_PRODUCT = YES;
				VALID_ARCHS = armv7;
				WRAPPER_EXTENSION = app;
			};
			name = "Ad Hoc";
		};
		EDC598CC13EF8C6E0075685B /* Ad Hoc */ = {
			isa = XCBuildConfiguration;
			buildSettings = {
				ALWAYS_SEARCH_USER_PATHS = NO;
				BUNDLE_LOADER = "$(BUILT_PRODUCTS_DIR)/iCPAN.app/iCPAN";
				CLANG_ENABLE_OBJC_ARC = YES;
				FRAMEWORK_SEARCH_PATHS = (
					"$(SDKROOT)/Developer/Library/Frameworks",
					"$(DEVELOPER_LIBRARY_DIR)/Frameworks",
				);
				GCC_PRECOMPILE_PREFIX_HEADER = YES;
				GCC_PREFIX_HEADER = "iCPANTests/iCPANTests-Prefix.pch";
				GCC_VERSION = com.apple.compilers.llvm.clang.1_0;
				INFOPLIST_FILE = "iCPANTests/iCPANTests-Info.plist";
				OTHER_LDFLAGS = (
					"-framework",
					SenTestingKit,
				);
				PRODUCT_NAME = "$(TARGET_NAME)";
				TEST_HOST = "$(BUNDLE_LOADER)";
				WRAPPER_EXTENSION = octest;
			};
			name = "Ad Hoc";
		};
		EDF7CE5F134438890012E9DA /* Debug */ = {
			isa = XCBuildConfiguration;
			buildSettings = {
				ARCHS = "$(ARCHS_STANDARD_32_BIT)";
				"CODE_SIGN_IDENTITY[sdk=iphoneos*]" = "iPhone Developer";
				GCC_C_LANGUAGE_STANDARD = gnu99;
				GCC_OPTIMIZATION_LEVEL = 0;
				GCC_PREPROCESSOR_DEFINITIONS = DEBUG;
				GCC_SYMBOLS_PRIVATE_EXTERN = NO;
				GCC_VERSION = com.apple.compilers.llvmgcc42;
				GCC_WARN_ABOUT_RETURN_TYPE = YES;
				GCC_WARN_UNUSED_VARIABLE = YES;
				IPHONEOS_DEPLOYMENT_TARGET = 4.3;
				SDKROOT = iphoneos;
				TARGETED_DEVICE_FAMILY = "1,2";
			};
			name = Debug;
		};
		EDF7CE60134438890012E9DA /* Release */ = {
			isa = XCBuildConfiguration;
			buildSettings = {
				ARCHS = "$(ARCHS_STANDARD_32_BIT)";
				"CODE_SIGN_IDENTITY[sdk=iphoneos*]" = "iPhone Developer";
				GCC_C_LANGUAGE_STANDARD = gnu99;
				GCC_VERSION = com.apple.compilers.llvmgcc42;
				GCC_WARN_ABOUT_RETURN_TYPE = YES;
				GCC_WARN_UNUSED_VARIABLE = YES;
				IPHONEOS_DEPLOYMENT_TARGET = 4.3;
				OTHER_CFLAGS = "-DNS_BLOCK_ASSERTIONS=1";
				SDKROOT = iphoneos;
				TARGETED_DEVICE_FAMILY = "1,2";
			};
			name = Release;
		};
		EDF7CE62134438890012E9DA /* Debug */ = {
			isa = XCBuildConfiguration;
			buildSettings = {
				ALWAYS_SEARCH_USER_PATHS = NO;
				CLANG_ENABLE_OBJC_ARC = YES;
				COPY_PHASE_STRIP = NO;
				GCC_DYNAMIC_NO_PIC = NO;
				GCC_PRECOMPILE_PREFIX_HEADER = YES;
				GCC_PREFIX_HEADER = "iCPAN/iCPAN-Prefix.pch";
				GCC_VERSION = com.apple.compilers.llvm.clang.1_0;
				INFOPLIST_FILE = "iCPAN/iCPAN-Info.plist";
				IPHONEOS_DEPLOYMENT_TARGET = 5.0;
				LIBRARY_SEARCH_PATHS = (
					"$(inherited)",
					"\"$(SRCROOT)/inc/GRMustache/lib\"",
					"\"$(SRCROOT)/../inc/GRMustache/lib\"",
				);
				"OTHER_LDFLAGS[sdk=*]" = "-all_load";
				PRODUCT_NAME = "$(TARGET_NAME)";
				SDKROOT = iphoneos;
				VALID_ARCHS = armv7;
				WRAPPER_EXTENSION = app;
			};
			name = Debug;
		};
		EDF7CE63134438890012E9DA /* Release */ = {
			isa = XCBuildConfiguration;
			buildSettings = {
				ALWAYS_SEARCH_USER_PATHS = NO;
				CLANG_ENABLE_OBJC_ARC = YES;
				COPY_PHASE_STRIP = YES;
				GCC_PRECOMPILE_PREFIX_HEADER = YES;
				GCC_PREFIX_HEADER = "iCPAN/iCPAN-Prefix.pch";
				GCC_VERSION = com.apple.compilers.llvm.clang.1_0;
				INFOPLIST_FILE = "iCPAN/iCPAN-Info.plist";
				IPHONEOS_DEPLOYMENT_TARGET = 5.0;
				LIBRARY_SEARCH_PATHS = (
					"$(inherited)",
					"\"$(SRCROOT)/inc/GRMustache/lib\"",
					"\"$(SRCROOT)/../inc/GRMustache/lib\"",
				);
				"OTHER_LDFLAGS[sdk=iphoneos*][arch=*]" = "-all_load";
				PRODUCT_NAME = "$(TARGET_NAME)";
				SDKROOT = iphoneos;
				VALIDATE_PRODUCT = YES;
				VALID_ARCHS = armv7;
				WRAPPER_EXTENSION = app;
			};
			name = Release;
		};
		EDF7CE65134438890012E9DA /* Debug */ = {
			isa = XCBuildConfiguration;
			buildSettings = {
				ALWAYS_SEARCH_USER_PATHS = NO;
				BUNDLE_LOADER = "$(BUILT_PRODUCTS_DIR)/iCPAN.app/iCPAN";
				CLANG_ENABLE_OBJC_ARC = YES;
				FRAMEWORK_SEARCH_PATHS = (
					"$(SDKROOT)/Developer/Library/Frameworks",
					"$(DEVELOPER_LIBRARY_DIR)/Frameworks",
				);
				GCC_PRECOMPILE_PREFIX_HEADER = YES;
				GCC_PREFIX_HEADER = "iCPANTests/iCPANTests-Prefix.pch";
				GCC_VERSION = com.apple.compilers.llvm.clang.1_0;
				INFOPLIST_FILE = "iCPANTests/iCPANTests-Info.plist";
				OTHER_LDFLAGS = (
					"-framework",
					SenTestingKit,
				);
				PRODUCT_NAME = "$(TARGET_NAME)";
				TEST_HOST = "$(BUNDLE_LOADER)";
				WRAPPER_EXTENSION = octest;
			};
			name = Debug;
		};
		EDF7CE66134438890012E9DA /* Release */ = {
			isa = XCBuildConfiguration;
			buildSettings = {
				ALWAYS_SEARCH_USER_PATHS = NO;
				BUNDLE_LOADER = "$(BUILT_PRODUCTS_DIR)/iCPAN.app/iCPAN";
				CLANG_ENABLE_OBJC_ARC = YES;
				FRAMEWORK_SEARCH_PATHS = (
					"$(SDKROOT)/Developer/Library/Frameworks",
					"$(DEVELOPER_LIBRARY_DIR)/Frameworks",
				);
				GCC_PRECOMPILE_PREFIX_HEADER = YES;
				GCC_PREFIX_HEADER = "iCPANTests/iCPANTests-Prefix.pch";
				GCC_VERSION = com.apple.compilers.llvm.clang.1_0;
				INFOPLIST_FILE = "iCPANTests/iCPANTests-Info.plist";
				OTHER_LDFLAGS = (
					"-framework",
					SenTestingKit,
				);
				PRODUCT_NAME = "$(TARGET_NAME)";
				TEST_HOST = "$(BUNDLE_LOADER)";
				WRAPPER_EXTENSION = octest;
			};
			name = Release;
		};
/* End XCBuildConfiguration section */

/* Begin XCConfigurationList section */
		EDF7CE19134438880012E9DA /* Build configuration list for PBXProject "iCPAN" */ = {
			isa = XCConfigurationList;
			buildConfigurations = (
				EDF7CE5F134438890012E9DA /* Debug */,
				EDF7CE60134438890012E9DA /* Release */,
				EDC598CA13EF8C6E0075685B /* Ad Hoc */,
			);
			defaultConfigurationIsVisible = 0;
			defaultConfigurationName = Release;
		};
		EDF7CE61134438890012E9DA /* Build configuration list for PBXNativeTarget "iCPAN" */ = {
			isa = XCConfigurationList;
			buildConfigurations = (
				EDF7CE62134438890012E9DA /* Debug */,
				EDF7CE63134438890012E9DA /* Release */,
				EDC598CB13EF8C6E0075685B /* Ad Hoc */,
			);
			defaultConfigurationIsVisible = 0;
			defaultConfigurationName = Release;
		};
		EDF7CE64134438890012E9DA /* Build configuration list for PBXNativeTarget "iCPANTests" */ = {
			isa = XCConfigurationList;
			buildConfigurations = (
				EDF7CE65134438890012E9DA /* Debug */,
				EDF7CE66134438890012E9DA /* Release */,
				EDC598CC13EF8C6E0075685B /* Ad Hoc */,
			);
			defaultConfigurationIsVisible = 0;
			defaultConfigurationName = Release;
		};
/* End XCConfigurationList section */

/* Begin XCVersionGroup section */
		EDF7CE37134438880012E9DA /* iCPAN.xcdatamodeld */ = {
			isa = XCVersionGroup;
			children = (
				EDF7CE38134438880012E9DA /* iCPAN.xcdatamodel */,
			);
			currentVersion = EDF7CE38134438880012E9DA /* iCPAN.xcdatamodel */;
			path = iCPAN.xcdatamodeld;
			sourceTree = "<group>";
			versionGroupType = wrapper.xcdatamodel;
		};
/* End XCVersionGroup section */
	};
	rootObject = EDF7CE16134438880012E9DA /* Project object */;
}
