// !$*UTF8*$!
{
	archiveVersion = 1;
	classes = {
	};
	objectVersion = 45;
	objects = {

/* Begin PBXBuildFile section */
		1D3623260D0F684500981E51 /* iCPANAppDelegate.m in Sources */ = {isa = PBXBuildFile; fileRef = 1D3623250D0F684500981E51 /* iCPANAppDelegate.m */; };
		1D60589B0D05DD56006BFB54 /* main.m in Sources */ = {isa = PBXBuildFile; fileRef = 29B97316FDCFA39411CA2CEA /* main.m */; };
		1D60589F0D05DD5A006BFB54 /* Foundation.framework in Frameworks */ = {isa = PBXBuildFile; fileRef = 1D30AB110D05D00D00671497 /* Foundation.framework */; };
		1DF5F4E00D08C38300B7A737 /* UIKit.framework in Frameworks */ = {isa = PBXBuildFile; fileRef = 1DF5F4DF0D08C38300B7A737 /* UIKit.framework */; };
		28216C970DB411BC00E5133A /* SearchModuleViewController.m in Sources */ = {isa = PBXBuildFile; fileRef = 28216C960DB411BC00E5133A /* SearchModuleViewController.m */; };
		288765080DF74369002DB57D /* CoreGraphics.framework in Frameworks */ = {isa = PBXBuildFile; fileRef = 288765070DF74369002DB57D /* CoreGraphics.framework */; };
		D8097B6C118803120062EACA /* MasterViewController.m in Sources */ = {isa = PBXBuildFile; fileRef = D8097B6B118803120062EACA /* MasterViewController.m */; };
		D8097B70118803420062EACA /* BookmarksView.xib in Resources */ = {isa = PBXBuildFile; fileRef = D8097B6D118803420062EACA /* BookmarksView.xib */; };
		D8097B71118803420062EACA /* MainWindow.xib in Resources */ = {isa = PBXBuildFile; fileRef = D8097B6E118803420062EACA /* MainWindow.xib */; };
		D8097B72118803420062EACA /* MasterView.xib in Resources */ = {isa = PBXBuildFile; fileRef = D8097B6F118803420062EACA /* MasterView.xib */; };
		D8097B871188036F0062EACA /* Author.m in Sources */ = {isa = PBXBuildFile; fileRef = D8097B841188036F0062EACA /* Author.m */; };
		D8097B881188036F0062EACA /* Module.m in Sources */ = {isa = PBXBuildFile; fileRef = D8097B861188036F0062EACA /* Module.m */; };
		D8249E8A114ED92A00084943 /* BookmarksViewController.m in Sources */ = {isa = PBXBuildFile; fileRef = D8249E89114ED92A00084943 /* BookmarksViewController.m */; };
		D87501DC113F43F4000A7193 /* Default.png in Resources */ = {isa = PBXBuildFile; fileRef = D87501DA113F43F4000A7193 /* Default.png */; };
		D87501DD113F43F4000A7193 /* icon.png in Resources */ = {isa = PBXBuildFile; fileRef = D87501DB113F43F4000A7193 /* icon.png */; };
		D895C86D117929E4006021CD /* iCPAN.xcdatamodel in Sources */ = {isa = PBXBuildFile; fileRef = D895C86C117929E4006021CD /* iCPAN.xcdatamodel */; };
		D8C657CE11C1A170000886F6 /* icon_add.png in Resources */ = {isa = PBXBuildFile; fileRef = D8C657C811C1A170000886F6 /* icon_add.png */; };
		D8C657CF11C1A170000886F6 /* icon_arrow_left.png in Resources */ = {isa = PBXBuildFile; fileRef = D8C657C911C1A170000886F6 /* icon_arrow_left.png */; };
		D8C657D011C1A170000886F6 /* icon_arrow_right.png in Resources */ = {isa = PBXBuildFile; fileRef = D8C657CA11C1A170000886F6 /* icon_arrow_right.png */; };
		D8C657D111C1A170000886F6 /* icon_minus.png in Resources */ = {isa = PBXBuildFile; fileRef = D8C657CB11C1A170000886F6 /* icon_minus.png */; };
		D8C657D211C1A170000886F6 /* icon_refresh.png in Resources */ = {isa = PBXBuildFile; fileRef = D8C657CC11C1A170000886F6 /* icon_refresh.png */; };
		D8C657D311C1A170000886F6 /* icon_trash.png in Resources */ = {isa = PBXBuildFile; fileRef = D8C657CD11C1A170000886F6 /* icon_trash.png */; };
		D8C657D811C1A1D8000886F6 /* icon_book_marked.png in Resources */ = {isa = PBXBuildFile; fileRef = D8C657D511C1A1D8000886F6 /* icon_book_marked.png */; };
		D8C657D911C1A1D8000886F6 /* icon_bookmark_add.png in Resources */ = {isa = PBXBuildFile; fileRef = D8C657D611C1A1D8000886F6 /* icon_bookmark_add.png */; };
		D8C657DA11C1A1D8000886F6 /* icon_bookmark.png in Resources */ = {isa = PBXBuildFile; fileRef = D8C657D711C1A1D8000886F6 /* icon_bookmark.png */; };
		D8C657DC11C1A255000886F6 /* icon_controls_7.png in Resources */ = {isa = PBXBuildFile; fileRef = D8C657DB11C1A255000886F6 /* icon_controls_7.png */; };
		D8C657DE11C1A26E000886F6 /* icon_circle_arrow_right.png in Resources */ = {isa = PBXBuildFile; fileRef = D8C657DD11C1A26E000886F6 /* icon_circle_arrow_right.png */; };
		D8C657E011C1A28C000886F6 /* icon_controls_8.png in Resources */ = {isa = PBXBuildFile; fileRef = D8C657DF11C1A28C000886F6 /* icon_controls_8.png */; };
		D8C6582011C1A2A5000886F6 /* icon_paper_trash.png in Resources */ = {isa = PBXBuildFile; fileRef = D8C6581F11C1A2A5000886F6 /* icon_paper_trash.png */; };
		D8C6582311C1A367000886F6 /* icon_magnify_glass.png in Resources */ = {isa = PBXBuildFile; fileRef = D8C6582211C1A367000886F6 /* icon_magnify_glass.png */; };
		D8C6583D11C1A6A3000886F6 /* icon_cancel.png in Resources */ = {isa = PBXBuildFile; fileRef = D8C6583B11C1A6A3000886F6 /* icon_cancel.png */; };
		D8C6583E11C1A6A3000886F6 /* icon_error.png in Resources */ = {isa = PBXBuildFile; fileRef = D8C6583C11C1A6A3000886F6 /* icon_error.png */; };
		D8CFAC74114F1A690073867B /* CoreData.framework in Frameworks */ = {isa = PBXBuildFile; fileRef = D8CFAC73114F1A690073867B /* CoreData.framework */; };
		D8F9C1A7118CCEFE00CDA6DF /* style.css in Resources */ = {isa = PBXBuildFile; fileRef = D8F9C1A6118CCEFE00CDA6DF /* style.css */; };
		D8F9C1D1118CD34A00CDA6DF /* ModuleTableViewCell.m in Sources */ = {isa = PBXBuildFile; fileRef = D8F9C1D0118CD34A00CDA6DF /* ModuleTableViewCell.m */; };
		ED6977C811FE3C2C00895FE2 /* shCore.css in Resources */ = {isa = PBXBuildFile; fileRef = ED6977C211FE3C2C00895FE2 /* shCore.css */; };
		ED6977CA11FE3C2C00895FE2 /* shThemeEmacs.css in Resources */ = {isa = PBXBuildFile; fileRef = ED6977C411FE3C2C00895FE2 /* shThemeEmacs.css */; };
		ED77C3DC11FE740100252EA8 /* shBrushJScript.js in Resources */ = {isa = PBXBuildFile; fileRef = ED77C3DB11FE740100252EA8 /* shBrushJScript.js */; };
		ED77C3E911FE743800252EA8 /* jquery.min.js in Resources */ = {isa = PBXBuildFile; fileRef = ED77C3E611FE743800252EA8 /* jquery.min.js */; };
		ED77C3EA11FE743800252EA8 /* shBrushPerl.js in Resources */ = {isa = PBXBuildFile; fileRef = ED77C3E711FE743800252EA8 /* shBrushPerl.js */; };
		ED77C3EB11FE743800252EA8 /* shCore.js in Resources */ = {isa = PBXBuildFile; fileRef = ED77C3E811FE743800252EA8 /* shCore.js */; };
		ED87466411659335003DCD57 /* Settings.bundle in Resources */ = {isa = PBXBuildFile; fileRef = ED87466311659335003DCD57 /* Settings.bundle */; };
		EDBE702E1209E0A4004D3793 /* shThemeDefault.css in Resources */ = {isa = PBXBuildFile; fileRef = EDBE702D1209E0A4004D3793 /* shThemeDefault.css */; };
		EDBE703F120A48AA004D3793 /* iCPAN.sqlite in Resources */ = {isa = PBXBuildFile; fileRef = EDBE703E120A48AA004D3793 /* iCPAN.sqlite */; };
/* End PBXBuildFile section */

/* Begin PBXFileReference section */
		1D30AB110D05D00D00671497 /* Foundation.framework */ = {isa = PBXFileReference; lastKnownFileType = wrapper.framework; name = Foundation.framework; path = System/Library/Frameworks/Foundation.framework; sourceTree = SDKROOT; };
		1D3623240D0F684500981E51 /* iCPANAppDelegate.h */ = {isa = PBXFileReference; fileEncoding = 4; lastKnownFileType = sourcecode.c.h; path = iCPANAppDelegate.h; sourceTree = "<group>"; };
		1D3623250D0F684500981E51 /* iCPANAppDelegate.m */ = {isa = PBXFileReference; fileEncoding = 4; lastKnownFileType = sourcecode.c.objc; path = iCPANAppDelegate.m; sourceTree = "<group>"; };
		1D6058910D05DD3D006BFB54 /* iCPAN.app */ = {isa = PBXFileReference; explicitFileType = wrapper.application; includeInIndex = 0; path = iCPAN.app; sourceTree = BUILT_PRODUCTS_DIR; };
		1DF5F4DF0D08C38300B7A737 /* UIKit.framework */ = {isa = PBXFileReference; lastKnownFileType = wrapper.framework; name = UIKit.framework; path = System/Library/Frameworks/UIKit.framework; sourceTree = SDKROOT; };
		28216C950DB411BC00E5133A /* SearchModuleViewController.h */ = {isa = PBXFileReference; fileEncoding = 4; lastKnownFileType = sourcecode.c.h; path = SearchModuleViewController.h; sourceTree = "<group>"; };
		28216C960DB411BC00E5133A /* SearchModuleViewController.m */ = {isa = PBXFileReference; fileEncoding = 4; lastKnownFileType = sourcecode.c.objc; path = SearchModuleViewController.m; sourceTree = "<group>"; wrapsLines = 1; };
		288765070DF74369002DB57D /* CoreGraphics.framework */ = {isa = PBXFileReference; lastKnownFileType = wrapper.framework; name = CoreGraphics.framework; path = System/Library/Frameworks/CoreGraphics.framework; sourceTree = SDKROOT; };
		28A0AB4B0D9B1048005BE974 /* iCPAN_Prefix.pch */ = {isa = PBXFileReference; fileEncoding = 4; lastKnownFileType = sourcecode.c.h; path = iCPAN_Prefix.pch; sourceTree = "<group>"; };
		29B97316FDCFA39411CA2CEA /* main.m */ = {isa = PBXFileReference; fileEncoding = 4; lastKnownFileType = sourcecode.c.objc; path = main.m; sourceTree = "<group>"; };
		8D1107310486CEB800E47090 /* iCPAN-Info.plist */ = {isa = PBXFileReference; fileEncoding = 4; lastKnownFileType = text.plist.xml; path = "iCPAN-Info.plist"; plistStructureDefinitionIdentifier = "com.apple.xcode.plist.structure-definition.iphone.info-plist"; sourceTree = "<group>"; };
		D8097B6A118803120062EACA /* MasterViewController.h */ = {isa = PBXFileReference; fileEncoding = 4; lastKnownFileType = sourcecode.c.h; path = MasterViewController.h; sourceTree = "<group>"; };
		D8097B6B118803120062EACA /* MasterViewController.m */ = {isa = PBXFileReference; fileEncoding = 4; lastKnownFileType = sourcecode.c.objc; path = MasterViewController.m; sourceTree = "<group>"; };
		D8097B6D118803420062EACA /* BookmarksView.xib */ = {isa = PBXFileReference; lastKnownFileType = file.xib; name = BookmarksView.xib; path = nibs/BookmarksView.xib; sourceTree = "<group>"; };
		D8097B6E118803420062EACA /* MainWindow.xib */ = {isa = PBXFileReference; lastKnownFileType = file.xib; name = MainWindow.xib; path = nibs/MainWindow.xib; sourceTree = "<group>"; };
		D8097B6F118803420062EACA /* MasterView.xib */ = {isa = PBXFileReference; lastKnownFileType = file.xib; name = MasterView.xib; path = nibs/MasterView.xib; sourceTree = "<group>"; };
		D8097B831188036F0062EACA /* Author.h */ = {isa = PBXFileReference; fileEncoding = 4; lastKnownFileType = sourcecode.c.h; name = Author.h; path = Classes/Author.h; sourceTree = "<group>"; };
		D8097B841188036F0062EACA /* Author.m */ = {isa = PBXFileReference; fileEncoding = 4; lastKnownFileType = sourcecode.c.objc; name = Author.m; path = Classes/Author.m; sourceTree = "<group>"; };
		D8097B851188036F0062EACA /* Module.h */ = {isa = PBXFileReference; fileEncoding = 4; lastKnownFileType = sourcecode.c.h; name = Module.h; path = Classes/Module.h; sourceTree = "<group>"; };
		D8097B861188036F0062EACA /* Module.m */ = {isa = PBXFileReference; fileEncoding = 4; lastKnownFileType = sourcecode.c.objc; name = Module.m; path = Classes/Module.m; sourceTree = "<group>"; };
		D8097C20118853490062EACA /* SynthesizeSingleton.h */ = {isa = PBXFileReference; fileEncoding = 4; lastKnownFileType = sourcecode.c.h; path = SynthesizeSingleton.h; sourceTree = "<group>"; };
		D8249E88114ED92A00084943 /* BookmarksViewController.h */ = {isa = PBXFileReference; fileEncoding = 4; lastKnownFileType = sourcecode.c.h; path = BookmarksViewController.h; sourceTree = "<group>"; };
		D8249E89114ED92A00084943 /* BookmarksViewController.m */ = {isa = PBXFileReference; fileEncoding = 4; lastKnownFileType = sourcecode.c.objc; path = BookmarksViewController.m; sourceTree = "<group>"; };
		D87501DA113F43F4000A7193 /* Default.png */ = {isa = PBXFileReference; lastKnownFileType = image.png; path = Default.png; sourceTree = "<group>"; };
		D87501DB113F43F4000A7193 /* icon.png */ = {isa = PBXFileReference; lastKnownFileType = image.png; path = icon.png; sourceTree = "<group>"; };
		D895C86C117929E4006021CD /* iCPAN.xcdatamodel */ = {isa = PBXFileReference; fileEncoding = 4; lastKnownFileType = wrapper.xcdatamodel; path = iCPAN.xcdatamodel; sourceTree = "<group>"; };
		D8C657C811C1A170000886F6 /* icon_add.png */ = {isa = PBXFileReference; lastKnownFileType = image.png; path = icon_add.png; sourceTree = "<group>"; };
		D8C657C911C1A170000886F6 /* icon_arrow_left.png */ = {isa = PBXFileReference; lastKnownFileType = image.png; path = icon_arrow_left.png; sourceTree = "<group>"; };
		D8C657CA11C1A170000886F6 /* icon_arrow_right.png */ = {isa = PBXFileReference; lastKnownFileType = image.png; path = icon_arrow_right.png; sourceTree = "<group>"; };
		D8C657CB11C1A170000886F6 /* icon_minus.png */ = {isa = PBXFileReference; lastKnownFileType = image.png; path = icon_minus.png; sourceTree = "<group>"; };
		D8C657CC11C1A170000886F6 /* icon_refresh.png */ = {isa = PBXFileReference; lastKnownFileType = image.png; path = icon_refresh.png; sourceTree = "<group>"; };
		D8C657CD11C1A170000886F6 /* icon_trash.png */ = {isa = PBXFileReference; lastKnownFileType = image.png; path = icon_trash.png; sourceTree = "<group>"; };
		D8C657D511C1A1D8000886F6 /* icon_book_marked.png */ = {isa = PBXFileReference; lastKnownFileType = image.png; path = icon_book_marked.png; sourceTree = "<group>"; };
		D8C657D611C1A1D8000886F6 /* icon_bookmark_add.png */ = {isa = PBXFileReference; lastKnownFileType = image.png; path = icon_bookmark_add.png; sourceTree = "<group>"; };
		D8C657D711C1A1D8000886F6 /* icon_bookmark.png */ = {isa = PBXFileReference; lastKnownFileType = image.png; path = icon_bookmark.png; sourceTree = "<group>"; };
		D8C657DB11C1A255000886F6 /* icon_controls_7.png */ = {isa = PBXFileReference; lastKnownFileType = image.png; path = icon_controls_7.png; sourceTree = "<group>"; };
		D8C657DD11C1A26E000886F6 /* icon_circle_arrow_right.png */ = {isa = PBXFileReference; lastKnownFileType = image.png; path = icon_circle_arrow_right.png; sourceTree = "<group>"; };
		D8C657DF11C1A28C000886F6 /* icon_controls_8.png */ = {isa = PBXFileReference; lastKnownFileType = image.png; path = icon_controls_8.png; sourceTree = "<group>"; };
		D8C6581F11C1A2A5000886F6 /* icon_paper_trash.png */ = {isa = PBXFileReference; lastKnownFileType = image.png; path = icon_paper_trash.png; sourceTree = "<group>"; };
		D8C6582211C1A367000886F6 /* icon_magnify_glass.png */ = {isa = PBXFileReference; lastKnownFileType = image.png; path = icon_magnify_glass.png; sourceTree = "<group>"; };
		D8C6583B11C1A6A3000886F6 /* icon_cancel.png */ = {isa = PBXFileReference; lastKnownFileType = image.png; path = icon_cancel.png; sourceTree = "<group>"; };
		D8C6583C11C1A6A3000886F6 /* icon_error.png */ = {isa = PBXFileReference; lastKnownFileType = image.png; path = icon_error.png; sourceTree = "<group>"; };
		D8CFAC73114F1A690073867B /* CoreData.framework */ = {isa = PBXFileReference; lastKnownFileType = wrapper.framework; name = CoreData.framework; path = System/Library/Frameworks/CoreData.framework; sourceTree = SDKROOT; };
		D8F9C1A6118CCEFE00CDA6DF /* style.css */ = {isa = PBXFileReference; fileEncoding = 4; lastKnownFileType = text.css; path = style.css; sourceTree = "<group>"; };
		D8F9C1CF118CD34A00CDA6DF /* ModuleTableViewCell.h */ = {isa = PBXFileReference; fileEncoding = 4; lastKnownFileType = sourcecode.c.h; path = ModuleTableViewCell.h; sourceTree = "<group>"; };
		D8F9C1D0118CD34A00CDA6DF /* ModuleTableViewCell.m */ = {isa = PBXFileReference; fileEncoding = 4; lastKnownFileType = sourcecode.c.objc; path = ModuleTableViewCell.m; sourceTree = "<group>"; };
		ED6977C211FE3C2C00895FE2 /* shCore.css */ = {isa = PBXFileReference; fileEncoding = 4; lastKnownFileType = text.css; path = shCore.css; sourceTree = "<group>"; };
		ED6977C411FE3C2C00895FE2 /* shThemeEmacs.css */ = {isa = PBXFileReference; fileEncoding = 4; lastKnownFileType = text.css; path = shThemeEmacs.css; sourceTree = "<group>"; };
		ED77C3DB11FE740100252EA8 /* shBrushJScript.js */ = {isa = PBXFileReference; fileEncoding = 4; lastKnownFileType = sourcecode.javascript; path = shBrushJScript.js; sourceTree = "<group>"; };
		ED77C3E611FE743800252EA8 /* jquery.min.js */ = {isa = PBXFileReference; fileEncoding = 4; lastKnownFileType = sourcecode.javascript; path = jquery.min.js; sourceTree = "<group>"; };
		ED77C3E711FE743800252EA8 /* shBrushPerl.js */ = {isa = PBXFileReference; fileEncoding = 4; lastKnownFileType = sourcecode.javascript; path = shBrushPerl.js; sourceTree = "<group>"; };
		ED77C3E811FE743800252EA8 /* shCore.js */ = {isa = PBXFileReference; fileEncoding = 4; lastKnownFileType = sourcecode.javascript; path = shCore.js; sourceTree = "<group>"; };
		ED87466311659335003DCD57 /* Settings.bundle */ = {isa = PBXFileReference; lastKnownFileType = "wrapper.plug-in"; path = Settings.bundle; sourceTree = "<group>"; };
		EDBE702D1209E0A4004D3793 /* shThemeDefault.css */ = {isa = PBXFileReference; fileEncoding = 4; lastKnownFileType = text.css; path = shThemeDefault.css; sourceTree = "<group>"; };
		EDBE703E120A48AA004D3793 /* iCPAN.sqlite */ = {isa = PBXFileReference; lastKnownFileType = file; name = iCPAN.sqlite; path = ../iCPAN.sqlite; sourceTree = SOURCE_ROOT; };
/* End PBXFileReference section */

/* Begin PBXFrameworksBuildPhase section */
		1D60588F0D05DD3D006BFB54 /* Frameworks */ = {
			isa = PBXFrameworksBuildPhase;
			buildActionMask = 2147483647;
			files = (
				1D60589F0D05DD5A006BFB54 /* Foundation.framework in Frameworks */,
				1DF5F4E00D08C38300B7A737 /* UIKit.framework in Frameworks */,
				288765080DF74369002DB57D /* CoreGraphics.framework in Frameworks */,
				D8CFAC74114F1A690073867B /* CoreData.framework in Frameworks */,
			);
			runOnlyForDeploymentPostprocessing = 0;
		};
/* End PBXFrameworksBuildPhase section */

/* Begin PBXGroup section */
		080E96DDFE201D6D7F000001 /* Classes */ = {
			isa = PBXGroup;
			children = (
				D8249E88114ED92A00084943 /* BookmarksViewController.h */,
				D8249E89114ED92A00084943 /* BookmarksViewController.m */,
				D8097B6A118803120062EACA /* MasterViewController.h */,
				D8097B6B118803120062EACA /* MasterViewController.m */,
				D8F9C1CF118CD34A00CDA6DF /* ModuleTableViewCell.h */,
				D8F9C1D0118CD34A00CDA6DF /* ModuleTableViewCell.m */,
				28216C950DB411BC00E5133A /* SearchModuleViewController.h */,
				28216C960DB411BC00E5133A /* SearchModuleViewController.m */,
				D8097C20118853490062EACA /* SynthesizeSingleton.h */,
				1D3623240D0F684500981E51 /* iCPANAppDelegate.h */,
				1D3623250D0F684500981E51 /* iCPANAppDelegate.m */,
			);
			path = Classes;
			sourceTree = "<group>";
		};
		19C28FACFE9D520D11CA2CBB /* Products */ = {
			isa = PBXGroup;
			children = (
				1D6058910D05DD3D006BFB54 /* iCPAN.app */,
			);
			name = Products;
			sourceTree = "<group>";
		};
		29B97314FDCFA39411CA2CEA /* iCPAN */ = {
			isa = PBXGroup;
			children = (
				ED87466311659335003DCD57 /* Settings.bundle */,
				080E96DDFE201D6D7F000001 /* Classes */,
				D895C86711792963006021CD /* Data Model */,
				29B97323FDCFA39411CA2CEA /* Frameworks */,
				D8C657BE11C1A108000886F6 /* Images */,
				19C28FACFE9D520D11CA2CBB /* Products */,
				29B97315FDCFA39411CA2CEA /* Other Sources */,
				29B97317FDCFA39411CA2CEA /* Resources */,
			);
			name = iCPAN;
			sourceTree = "<group>";
		};
		29B97315FDCFA39411CA2CEA /* Other Sources */ = {
			isa = PBXGroup;
			children = (
				28A0AB4B0D9B1048005BE974 /* iCPAN_Prefix.pch */,
				29B97316FDCFA39411CA2CEA /* main.m */,
			);
			name = "Other Sources";
			sourceTree = "<group>";
		};
		29B97317FDCFA39411CA2CEA /* Resources */ = {
			isa = PBXGroup;
			children = (
				EDBE703E120A48AA004D3793 /* iCPAN.sqlite */,
				EDBE702D1209E0A4004D3793 /* shThemeDefault.css */,
				ED77C3E611FE743800252EA8 /* jquery.min.js */,
				ED77C3E711FE743800252EA8 /* shBrushPerl.js */,
				ED77C3E811FE743800252EA8 /* shCore.js */,
				ED77C3DB11FE740100252EA8 /* shBrushJScript.js */,
				ED6977C211FE3C2C00895FE2 /* shCore.css */,
				ED6977C411FE3C2C00895FE2 /* shThemeEmacs.css */,
				D8097B6D118803420062EACA /* BookmarksView.xib */,
				D8097B6E118803420062EACA /* MainWindow.xib */,
				D8097B6F118803420062EACA /* MasterView.xib */,
				D8F9C1A6118CCEFE00CDA6DF /* style.css */,
				8D1107310486CEB800E47090 /* iCPAN-Info.plist */,
			);
			name = Resources;
			sourceTree = "<group>";
		};
		29B97323FDCFA39411CA2CEA /* Frameworks */ = {
			isa = PBXGroup;
			children = (
				D8CFAC73114F1A690073867B /* CoreData.framework */,
				288765070DF74369002DB57D /* CoreGraphics.framework */,
				1D30AB110D05D00D00671497 /* Foundation.framework */,
				1DF5F4DF0D08C38300B7A737 /* UIKit.framework */,
			);
			name = Frameworks;
			sourceTree = "<group>";
		};
		D895C86711792963006021CD /* Data Model */ = {
			isa = PBXGroup;
			children = (
				D8097B831188036F0062EACA /* Author.h */,
				D8097B841188036F0062EACA /* Author.m */,
				D8097B851188036F0062EACA /* Module.h */,
				D8097B861188036F0062EACA /* Module.m */,
				D895C86C117929E4006021CD /* iCPAN.xcdatamodel */,
			);
			name = "Data Model";
			sourceTree = "<group>";
		};
		D8C657BE11C1A108000886F6 /* Images */ = {
			isa = PBXGroup;
			children = (
				D87501DA113F43F4000A7193 /* Default.png */,
				D8C6583B11C1A6A3000886F6 /* icon_cancel.png */,
				D8C6583C11C1A6A3000886F6 /* icon_error.png */,
				D8C6582211C1A367000886F6 /* icon_magnify_glass.png */,
				D8C6581F11C1A2A5000886F6 /* icon_paper_trash.png */,
				D8C657DF11C1A28C000886F6 /* icon_controls_8.png */,
				D8C657DD11C1A26E000886F6 /* icon_circle_arrow_right.png */,
				D8C657DB11C1A255000886F6 /* icon_controls_7.png */,
				D8C657D511C1A1D8000886F6 /* icon_book_marked.png */,
				D8C657D611C1A1D8000886F6 /* icon_bookmark_add.png */,
				D8C657D711C1A1D8000886F6 /* icon_bookmark.png */,
				D8C657C811C1A170000886F6 /* icon_add.png */,
				D8C657C911C1A170000886F6 /* icon_arrow_left.png */,
				D8C657CA11C1A170000886F6 /* icon_arrow_right.png */,
				D8C657CB11C1A170000886F6 /* icon_minus.png */,
				D8C657CC11C1A170000886F6 /* icon_refresh.png */,
				D8C657CD11C1A170000886F6 /* icon_trash.png */,
				D87501DB113F43F4000A7193 /* icon.png */,
			);
			name = Images;
			sourceTree = "<group>";
		};
/* End PBXGroup section */

/* Begin PBXNativeTarget section */
		1D6058900D05DD3D006BFB54 /* iCPAN */ = {
			isa = PBXNativeTarget;
			buildConfigurationList = 1D6058960D05DD3E006BFB54 /* Build configuration list for PBXNativeTarget "iCPAN" */;
			buildPhases = (
				1D60588D0D05DD3D006BFB54 /* Resources */,
				1D60588E0D05DD3D006BFB54 /* Sources */,
				1D60588F0D05DD3D006BFB54 /* Frameworks */,
			);
			buildRules = (
			);
			dependencies = (
			);
			name = iCPAN;
			productName = iCPAN;
			productReference = 1D6058910D05DD3D006BFB54 /* iCPAN.app */;
			productType = "com.apple.product-type.application";
		};
/* End PBXNativeTarget section */

/* Begin PBXProject section */
		29B97313FDCFA39411CA2CEA /* Project object */ = {
			isa = PBXProject;
			buildConfigurationList = C01FCF4E08A954540054247B /* Build configuration list for PBXProject "iCPAN" */;
			compatibilityVersion = "Xcode 3.1";
			hasScannedForEncodings = 1;
			mainGroup = 29B97314FDCFA39411CA2CEA /* iCPAN */;
			projectDirPath = "";
			projectRoot = "";
			targets = (
				1D6058900D05DD3D006BFB54 /* iCPAN */,
			);
		};
/* End PBXProject section */

/* Begin PBXResourcesBuildPhase section */
		1D60588D0D05DD3D006BFB54 /* Resources */ = {
			isa = PBXResourcesBuildPhase;
			buildActionMask = 2147483647;
			files = (
				D87501DC113F43F4000A7193 /* Default.png in Resources */,
				D87501DD113F43F4000A7193 /* icon.png in Resources */,
				ED87466411659335003DCD57 /* Settings.bundle in Resources */,
				D8097B70118803420062EACA /* BookmarksView.xib in Resources */,
				D8097B71118803420062EACA /* MainWindow.xib in Resources */,
				D8097B72118803420062EACA /* MasterView.xib in Resources */,
				D8F9C1A7118CCEFE00CDA6DF /* style.css in Resources */,
				D8C657CE11C1A170000886F6 /* icon_add.png in Resources */,
				D8C657CF11C1A170000886F6 /* icon_arrow_left.png in Resources */,
				D8C657D011C1A170000886F6 /* icon_arrow_right.png in Resources */,
				D8C657D111C1A170000886F6 /* icon_minus.png in Resources */,
				D8C657D211C1A170000886F6 /* icon_refresh.png in Resources */,
				D8C657D311C1A170000886F6 /* icon_trash.png in Resources */,
				D8C657D811C1A1D8000886F6 /* icon_book_marked.png in Resources */,
				D8C657D911C1A1D8000886F6 /* icon_bookmark_add.png in Resources */,
				D8C657DA11C1A1D8000886F6 /* icon_bookmark.png in Resources */,
				D8C657DC11C1A255000886F6 /* icon_controls_7.png in Resources */,
				D8C657DE11C1A26E000886F6 /* icon_circle_arrow_right.png in Resources */,
				D8C657E011C1A28C000886F6 /* icon_controls_8.png in Resources */,
				D8C6582011C1A2A5000886F6 /* icon_paper_trash.png in Resources */,
				D8C6582311C1A367000886F6 /* icon_magnify_glass.png in Resources */,
				D8C6583D11C1A6A3000886F6 /* icon_cancel.png in Resources */,
				D8C6583E11C1A6A3000886F6 /* icon_error.png in Resources */,
				ED6977C811FE3C2C00895FE2 /* shCore.css in Resources */,
				EDBE702E1209E0A4004D3793 /* shThemeDefault.css in Resources */,
				ED6977CA11FE3C2C00895FE2 /* shThemeEmacs.css in Resources */,
				ED77C3E911FE743800252EA8 /* jquery.min.js in Resources */,
				ED77C3DC11FE740100252EA8 /* shBrushJScript.js in Resources */,
				ED77C3EB11FE743800252EA8 /* shCore.js in Resources */,
				ED77C3EA11FE743800252EA8 /* shBrushPerl.js in Resources */,
				EDBE703F120A48AA004D3793 /* iCPAN.sqlite in Resources */,
			);
			runOnlyForDeploymentPostprocessing = 0;
		};
/* End PBXResourcesBuildPhase section */

/* Begin PBXSourcesBuildPhase section */
		1D60588E0D05DD3D006BFB54 /* Sources */ = {
			isa = PBXSourcesBuildPhase;
			buildActionMask = 2147483647;
			files = (
				1D60589B0D05DD56006BFB54 /* main.m in Sources */,
				1D3623260D0F684500981E51 /* iCPANAppDelegate.m in Sources */,
				28216C970DB411BC00E5133A /* SearchModuleViewController.m in Sources */,
				D8249E8A114ED92A00084943 /* BookmarksViewController.m in Sources */,
				D895C86D117929E4006021CD /* iCPAN.xcdatamodel in Sources */,
				D8097B6C118803120062EACA /* MasterViewController.m in Sources */,
				D8097B871188036F0062EACA /* Author.m in Sources */,
				D8097B881188036F0062EACA /* Module.m in Sources */,
				D8F9C1D1118CD34A00CDA6DF /* ModuleTableViewCell.m in Sources */,
			);
			runOnlyForDeploymentPostprocessing = 0;
		};
/* End PBXSourcesBuildPhase section */

/* Begin XCBuildConfiguration section */
		1D6058940D05DD3E006BFB54 /* Debug */ = {
			isa = XCBuildConfiguration;
			buildSettings = {
				ALWAYS_SEARCH_USER_PATHS = NO;
				COPY_PHASE_STRIP = NO;
				GCC_DYNAMIC_NO_PIC = NO;
				GCC_OPTIMIZATION_LEVEL = 0;
				GCC_PRECOMPILE_PREFIX_HEADER = YES;
				GCC_PREFIX_HEADER = iCPAN_Prefix.pch;
				INFOPLIST_FILE = "iCPAN-Info.plist";
				PRODUCT_NAME = iCPAN;
				SDKROOT = iphoneos3.0;
			};
			name = Debug;
		};
		1D6058950D05DD3E006BFB54 /* Release */ = {
			isa = XCBuildConfiguration;
			buildSettings = {
				ALWAYS_SEARCH_USER_PATHS = NO;
				COPY_PHASE_STRIP = YES;
				GCC_PRECOMPILE_PREFIX_HEADER = YES;
				GCC_PREFIX_HEADER = iCPAN_Prefix.pch;
				INFOPLIST_FILE = "iCPAN-Info.plist";
				PRODUCT_NAME = iCPAN;
			};
			name = Release;
		};
		C01FCF4F08A954540054247B /* Debug */ = {
			isa = XCBuildConfiguration;
			buildSettings = {
				ARCHS = "$(ARCHS_STANDARD_32_BIT)";
				"CODE_SIGN_IDENTITY[sdk=iphoneos*]" = "iPhone Developer";
				GCC_C_LANGUAGE_STANDARD = c99;
				GCC_WARN_ABOUT_RETURN_TYPE = YES;
				GCC_WARN_UNUSED_VARIABLE = YES;
				PREBINDING = NO;
				SDKROOT = iphonesimulator3.2;
			};
			name = Debug;
		};
		C01FCF5008A954540054247B /* Release */ = {
			isa = XCBuildConfiguration;
			buildSettings = {
				ARCHS = "$(ARCHS_STANDARD_32_BIT)";
				"CODE_SIGN_IDENTITY[sdk=iphoneos*]" = "iPhone Developer";
				GCC_C_LANGUAGE_STANDARD = c99;
				GCC_WARN_ABOUT_RETURN_TYPE = YES;
				GCC_WARN_UNUSED_VARIABLE = YES;
				PREBINDING = NO;
				SDKROOT = iphonesimulator3.2;
			};
			name = Release;
		};
		ED0C886011C492F5006230F2 /* Distribution */ = {
			isa = XCBuildConfiguration;
			buildSettings = {
				ARCHS = "$(ARCHS_STANDARD_32_BIT)";
				"CODE_SIGN_IDENTITY[sdk=iphoneos*]" = "iPhone Distribution: Olaf Alders";
				GCC_C_LANGUAGE_STANDARD = c99;
				GCC_WARN_ABOUT_RETURN_TYPE = YES;
				GCC_WARN_UNUSED_VARIABLE = YES;
				PREBINDING = NO;
				SDKROOT = iphonesimulator3.2;
			};
			name = Distribution;
		};
		ED0C886111C492F5006230F2 /* Distribution */ = {
			isa = XCBuildConfiguration;
			buildSettings = {
				ALWAYS_SEARCH_USER_PATHS = NO;
				COPY_PHASE_STRIP = YES;
				GCC_PRECOMPILE_PREFIX_HEADER = YES;
				GCC_PREFIX_HEADER = iCPAN_Prefix.pch;
				INFOPLIST_FILE = "iCPAN-Info.plist";
				PRODUCT_NAME = iCPAN;
			};
			name = Distribution;
		};
/* End XCBuildConfiguration section */

/* Begin XCConfigurationList section */
		1D6058960D05DD3E006BFB54 /* Build configuration list for PBXNativeTarget "iCPAN" */ = {
			isa = XCConfigurationList;
			buildConfigurations = (
				1D6058940D05DD3E006BFB54 /* Debug */,
				1D6058950D05DD3E006BFB54 /* Release */,
				ED0C886111C492F5006230F2 /* Distribution */,
			);
			defaultConfigurationIsVisible = 0;
			defaultConfigurationName = Release;
		};
		C01FCF4E08A954540054247B /* Build configuration list for PBXProject "iCPAN" */ = {
			isa = XCConfigurationList;
			buildConfigurations = (
				C01FCF4F08A954540054247B /* Debug */,
				C01FCF5008A954540054247B /* Release */,
				ED0C886011C492F5006230F2 /* Distribution */,
			);
			defaultConfigurationIsVisible = 0;
			defaultConfigurationName = Release;
		};
/* End XCConfigurationList section */
	};
	rootObject = 29B97313FDCFA39411CA2CEA /* Project object */;
}
